// !$*UTF8*$!
{
	archiveVersion = 1;
	classes = {
	};
	objectVersion = 46;
	objects = {

/* Begin PBXBuildFile section */
		4A504E9B1DF6A9D400719B0B /* UpdateController.swift in Sources */ = {isa = PBXBuildFile; fileRef = 4A504E9A1DF6A9D400719B0B /* UpdateController.swift */; };
		4A504E9D1DF6B79500719B0B /* UpdateController.storyboard in Resources */ = {isa = PBXBuildFile; fileRef = 4A504E9C1DF6B79500719B0B /* UpdateController.storyboard */; };
		4ADE43481DF6874B00491005 /* MealPlanTests.swift in Sources */ = {isa = PBXBuildFile; fileRef = 4ADE43471DF6874B00491005 /* MealPlanTests.swift */; };
		5D0D828B2EFCEEDCF9A6AA8D /* Pods_MealPlan.framework in Frameworks */ = {isa = PBXBuildFile; fileRef = 5E3AF48C698D6F7E38C608B2 /* Pods_MealPlan.framework */; };
		B93B729C44D3525F62D13B57 /* Pods_MealPlanTests.framework in Frameworks */ = {isa = PBXBuildFile; fileRef = 3C566C2623EA159E5FA97288 /* Pods_MealPlanTests.framework */; };
		F41E48A11DF9439300421CEC /* ProfileTests.swift in Sources */ = {isa = PBXBuildFile; fileRef = F41E48A01DF9439300421CEC /* ProfileTests.swift */; };
		F70D76A41DE8B9B500B721C1 /* Feedback.storyboard in Resources */ = {isa = PBXBuildFile; fileRef = F70D76A31DE8B9B500B721C1 /* Feedback.storyboard */; };
		F746AE481DE7609800076B53 /* BotDelegate.swift in Sources */ = {isa = PBXBuildFile; fileRef = F746AE471DE7609800076B53 /* BotDelegate.swift */; };
		F75297761DC9624E009BD0B9 /* UsersProgressMaster.swift in Sources */ = {isa = PBXBuildFile; fileRef = F75297751DC9624E009BD0B9 /* UsersProgressMaster.swift */; };
		F78AB72C1DBE6DA400BB40EA /* AboutUsViewController.swift in Sources */ = {isa = PBXBuildFile; fileRef = F78AB6E11DBE6DA400BB40EA /* AboutUsViewController.swift */; };
		F78AB72D1DBE6DA400BB40EA /* ActivityLevelViewController.swift in Sources */ = {isa = PBXBuildFile; fileRef = F78AB6E21DBE6DA400BB40EA /* ActivityLevelViewController.swift */; };
		F78AB72E1DBE6DA400BB40EA /* AppDelegate.swift in Sources */ = {isa = PBXBuildFile; fileRef = F78AB6E31DBE6DA400BB40EA /* AppDelegate.swift */; };
		F78AB72F1DBE6DA400BB40EA /* ArrayExtension.swift in Sources */ = {isa = PBXBuildFile; fileRef = F78AB6E41DBE6DA400BB40EA /* ArrayExtension.swift */; };
		F78AB7301DBE6DA400BB40EA /* Assets.xcassets in Resources */ = {isa = PBXBuildFile; fileRef = F78AB6E51DBE6DA400BB40EA /* Assets.xcassets */; };
		F78AB7321DBE6DA400BB40EA /* Introduction.storyboard in Resources */ = {isa = PBXBuildFile; fileRef = F78AB6E71DBE6DA400BB40EA /* Introduction.storyboard */; };
		F78AB7331DBE6DA400BB40EA /* LaunchScreen.storyboard in Resources */ = {isa = PBXBuildFile; fileRef = F78AB6E91DBE6DA400BB40EA /* LaunchScreen.storyboard */; };
		F78AB7341DBE6DA400BB40EA /* Main.storyboard in Resources */ = {isa = PBXBuildFile; fileRef = F78AB6EB1DBE6DA400BB40EA /* Main.storyboard */; };
		F78AB7351DBE6DA400BB40EA /* bkgrd.swift in Sources */ = {isa = PBXBuildFile; fileRef = F78AB6ED1DBE6DA400BB40EA /* bkgrd.swift */; };
		F78AB7361DBE6DA400BB40EA /* CaloriesTableViewCell.swift in Sources */ = {isa = PBXBuildFile; fileRef = F78AB6EE1DBE6DA400BB40EA /* CaloriesTableViewCell.swift */; };
		F78AB7371DBE6DA400BB40EA /* CaloriesViewController.swift in Sources */ = {isa = PBXBuildFile; fileRef = F78AB6EF1DBE6DA400BB40EA /* CaloriesViewController.swift */; };
		F78AB7381DBE6DA400BB40EA /* Config.swift in Sources */ = {isa = PBXBuildFile; fileRef = F78AB6F11DBE6DA400BB40EA /* Config.swift */; };
		F78AB7391DBE6DA400BB40EA /* Constants.swift in Sources */ = {isa = PBXBuildFile; fileRef = F78AB6F21DBE6DA400BB40EA /* Constants.swift */; };
		F78AB73A1DBE6DA400BB40EA /* ContactUsViewController.swift in Sources */ = {isa = PBXBuildFile; fileRef = F78AB6F31DBE6DA400BB40EA /* ContactUsViewController.swift */; };
		F78AB73B1DBE6DA400BB40EA /* createMealPlan.swift in Sources */ = {isa = PBXBuildFile; fileRef = F78AB6F41DBE6DA400BB40EA /* createMealPlan.swift */; };
		F78AB73C1DBE6DA400BB40EA /* MealPlanAlgorithm+methods.swift in Sources */ = {isa = PBXBuildFile; fileRef = F78AB6F51DBE6DA400BB40EA /* MealPlanAlgorithm+methods.swift */; };
		F78AB73D1DBE6DA400BB40EA /* MealPlanAlgorithm.swift in Sources */ = {isa = PBXBuildFile; fileRef = F78AB6F61DBE6DA400BB40EA /* MealPlanAlgorithm.swift */; };
		F78AB73E1DBE6DA400BB40EA /* DetailViewController.swift in Sources */ = {isa = PBXBuildFile; fileRef = F78AB6F71DBE6DA400BB40EA /* DetailViewController.swift */; };
		F78AB73F1DBE6DA400BB40EA /* FoodListTableViewCell.swift in Sources */ = {isa = PBXBuildFile; fileRef = F78AB6F81DBE6DA400BB40EA /* FoodListTableViewCell.swift */; };
		F78AB7401DBE6DA400BB40EA /* FoodSearchViewController.swift in Sources */ = {isa = PBXBuildFile; fileRef = F78AB6F91DBE6DA400BB40EA /* FoodSearchViewController.swift */; };
		F78AB7411DBE6DA400BB40EA /* Height&WeightListViewController.swift in Sources */ = {isa = PBXBuildFile; fileRef = F78AB6FA1DBE6DA400BB40EA /* Height&WeightListViewController.swift */; };
		F78AB7421DBE6DA400BB40EA /* IconImages.xcassets in Resources */ = {isa = PBXBuildFile; fileRef = F78AB6FB1DBE6DA400BB40EA /* IconImages.xcassets */; };
		F78AB7441DBE6DA400BB40EA /* initalLoad.json in Resources */ = {isa = PBXBuildFile; fileRef = F78AB6FD1DBE6DA400BB40EA /* initalLoad.json */; };
		F78AB7451DBE6DA400BB40EA /* initialLoad2.json in Resources */ = {isa = PBXBuildFile; fileRef = F78AB6FE1DBE6DA400BB40EA /* initialLoad2.json */; };
		F78AB7461DBE6DA400BB40EA /* initialLoad3.json in Resources */ = {isa = PBXBuildFile; fileRef = F78AB6FF1DBE6DA400BB40EA /* initialLoad3.json */; };
		F78AB7471DBE6DA400BB40EA /* LastWeekViewController.swift in Sources */ = {isa = PBXBuildFile; fileRef = F78AB7001DBE6DA400BB40EA /* LastWeekViewController.swift */; };
		F78AB7481DBE6DA400BB40EA /* ListViewController.swift in Sources */ = {isa = PBXBuildFile; fileRef = F78AB7011DBE6DA400BB40EA /* ListViewController.swift */; };
		F78AB7491DBE6DA400BB40EA /* MealPlanViewController.swift in Sources */ = {isa = PBXBuildFile; fileRef = F78AB7021DBE6DA400BB40EA /* MealPlanViewController.swift */; };
		F78AB74A1DBE6DA400BB40EA /* MPTableViewCell.swift in Sources */ = {isa = PBXBuildFile; fileRef = F78AB7031DBE6DA400BB40EA /* MPTableViewCell.swift */; };
		F78AB74B1DBE6DA400BB40EA /* Media.xcassets in Resources */ = {isa = PBXBuildFile; fileRef = F78AB7041DBE6DA400BB40EA /* Media.xcassets */; };
		F78AB74C1DBE6DA400BB40EA /* Biographical.swift in Sources */ = {isa = PBXBuildFile; fileRef = F78AB7061DBE6DA400BB40EA /* Biographical.swift */; };
		F78AB74D1DBE6DA400BB40EA /* DailyMealPlan.swift in Sources */ = {isa = PBXBuildFile; fileRef = F78AB7071DBE6DA400BB40EA /* DailyMealPlan.swift */; };
		F78AB74E1DBE6DA400BB40EA /* DataHandler.swift in Sources */ = {isa = PBXBuildFile; fileRef = F78AB7081DBE6DA400BB40EA /* DataHandler.swift */; };
		F78AB74F1DBE6DA400BB40EA /* DietSuitability.swift in Sources */ = {isa = PBXBuildFile; fileRef = F78AB7091DBE6DA400BB40EA /* DietSuitability.swift */; };
		F78AB7501DBE6DA400BB40EA /* FeedBack.swift in Sources */ = {isa = PBXBuildFile; fileRef = F78AB70A1DBE6DA400BB40EA /* FeedBack.swift */; };
		F78AB7511DBE6DA400BB40EA /* Food.swift in Sources */ = {isa = PBXBuildFile; fileRef = F78AB70B1DBE6DA400BB40EA /* Food.swift */; };
		F78AB7521DBE6DA400BB40EA /* FoodItem.swift in Sources */ = {isa = PBXBuildFile; fileRef = F78AB70C1DBE6DA400BB40EA /* FoodItem.swift */; };
		F78AB7531DBE6DA400BB40EA /* FoodsDisliked.swift in Sources */ = {isa = PBXBuildFile; fileRef = F78AB70D1DBE6DA400BB40EA /* FoodsDisliked.swift */; };
		F78AB7541DBE6DA400BB40EA /* FoodsLiked.swift in Sources */ = {isa = PBXBuildFile; fileRef = F78AB70E1DBE6DA400BB40EA /* FoodsLiked.swift */; };
		F78AB7551DBE6DA400BB40EA /* FoodType.swift in Sources */ = {isa = PBXBuildFile; fileRef = F78AB70F1DBE6DA400BB40EA /* FoodType.swift */; };
		F78AB7561DBE6DA400BB40EA /* Macronutrient.swift in Sources */ = {isa = PBXBuildFile; fileRef = F78AB7101DBE6DA400BB40EA /* Macronutrient.swift */; };
		F78AB7571DBE6DA400BB40EA /* Meal.swift in Sources */ = {isa = PBXBuildFile; fileRef = F78AB7111DBE6DA400BB40EA /* Meal.swift */; };
		F78AB7581DBE6DA400BB40EA /* Profile.swift in Sources */ = {isa = PBXBuildFile; fileRef = F78AB7121DBE6DA400BB40EA /* Profile.swift */; };
		F78AB7591DBE6DA400BB40EA /* ServingSize.swift in Sources */ = {isa = PBXBuildFile; fileRef = F78AB7131DBE6DA400BB40EA /* ServingSize.swift */; };
		F78AB75A1DBE6DA400BB40EA /* User.swift in Sources */ = {isa = PBXBuildFile; fileRef = F78AB7141DBE6DA400BB40EA /* User.swift */; };
		F78AB75B1DBE6DA400BB40EA /* Week.swift in Sources */ = {isa = PBXBuildFile; fileRef = F78AB7151DBE6DA400BB40EA /* Week.swift */; };
		F78AB75C1DBE6DA400BB40EA /* mpButton.swift in Sources */ = {isa = PBXBuildFile; fileRef = F78AB7161DBE6DA400BB40EA /* mpButton.swift */; };
		F78AB75D1DBE6DA400BB40EA /* Connect.swift in Sources */ = {isa = PBXBuildFile; fileRef = F78AB7181DBE6DA400BB40EA /* Connect.swift */; };
		F78AB75E1DBE6DA400BB40EA /* Network.swift in Sources */ = {isa = PBXBuildFile; fileRef = F78AB7191DBE6DA400BB40EA /* Network.swift */; };
		F78AB75F1DBE6DA400BB40EA /* PageItemController.swift in Sources */ = {isa = PBXBuildFile; fileRef = F78AB71A1DBE6DA400BB40EA /* PageItemController.swift */; };
		F78AB7601DBE6DA400BB40EA /* PayemtAddsTableViewCell.swift in Sources */ = {isa = PBXBuildFile; fileRef = F78AB71B1DBE6DA400BB40EA /* PayemtAddsTableViewCell.swift */; };
		F78AB7611DBE6DA400BB40EA /* PayemtControllerImageTableViewCell.swift in Sources */ = {isa = PBXBuildFile; fileRef = F78AB71C1DBE6DA400BB40EA /* PayemtControllerImageTableViewCell.swift */; };
		F78AB7621DBE6DA400BB40EA /* AKPickerView.swift in Sources */ = {isa = PBXBuildFile; fileRef = F78AB71E1DBE6DA400BB40EA /* AKPickerView.swift */; };
		F78AB7631DBE6DA400BB40EA /* DragToTable.swift in Sources */ = {isa = PBXBuildFile; fileRef = F78AB71F1DBE6DA400BB40EA /* DragToTable.swift */; };
		F78AB7641DBE6DA400BB40EA /* MultiTag.swift in Sources */ = {isa = PBXBuildFile; fileRef = F78AB7201DBE6DA400BB40EA /* MultiTag.swift */; };
		F78AB7651DBE6DA400BB40EA /* PremiumPlanViewController.swift in Sources */ = {isa = PBXBuildFile; fileRef = F78AB7211DBE6DA400BB40EA /* PremiumPlanViewController.swift */; };
		F78AB7661DBE6DA400BB40EA /* settings.swift in Sources */ = {isa = PBXBuildFile; fileRef = F78AB7221DBE6DA400BB40EA /* settings.swift */; };
		F78AB7671DBE6DA400BB40EA /* Step1ViewController.swift in Sources */ = {isa = PBXBuildFile; fileRef = F78AB7231DBE6DA400BB40EA /* Step1ViewController.swift */; };
		F78AB7681DBE6DA400BB40EA /* Step2ViewController.swift in Sources */ = {isa = PBXBuildFile; fileRef = F78AB7241DBE6DA400BB40EA /* Step2ViewController.swift */; };
		F78AB7691DBE6DA400BB40EA /* Step3TableViewCell.swift in Sources */ = {isa = PBXBuildFile; fileRef = F78AB7251DBE6DA400BB40EA /* Step3TableViewCell.swift */; };
		F78AB76A1DBE6DA400BB40EA /* Step3ViewController.swift in Sources */ = {isa = PBXBuildFile; fileRef = F78AB7261DBE6DA400BB40EA /* Step3ViewController.swift */; };
		F78AB76B1DBE6DA400BB40EA /* Step4TableViewCell.swift in Sources */ = {isa = PBXBuildFile; fileRef = F78AB7271DBE6DA400BB40EA /* Step4TableViewCell.swift */; };
		F78AB76C1DBE6DA400BB40EA /* Step4ViewController.swift in Sources */ = {isa = PBXBuildFile; fileRef = F78AB7281DBE6DA400BB40EA /* Step4ViewController.swift */; };
		F78AB76E1DBE6DA400BB40EA /* Util.swift in Sources */ = {isa = PBXBuildFile; fileRef = F78AB72A1DBE6DA400BB40EA /* Util.swift */; };
		F78AB76F1DBE6DA400BB40EA /* ViewController.swift in Sources */ = {isa = PBXBuildFile; fileRef = F78AB72B1DBE6DA400BB40EA /* ViewController.swift */; };
		F78EDFDC1DEDCD3D00AC1AF7 /* HowTheMealPlanWillWork.storyboard in Resources */ = {isa = PBXBuildFile; fileRef = F78EDFDB1DEDCD3D00AC1AF7 /* HowTheMealPlanWillWork.storyboard */; };
		F78EDFDE1DEDCE2200AC1AF7 /* HowTheMealPlanWillWork.swift in Sources */ = {isa = PBXBuildFile; fileRef = F78EDFDD1DEDCE2200AC1AF7 /* HowTheMealPlanWillWork.swift */; };
		F78EDFE01DEDDCD000AC1AF7 /* SetUpMealPlan.swift in Sources */ = {isa = PBXBuildFile; fileRef = F78EDFDF1DEDDCD000AC1AF7 /* SetUpMealPlan.swift */; };
		F7C480491DBFF37B00572706 /* Deletion.swift in Sources */ = {isa = PBXBuildFile; fileRef = F7C480481DBFF37B00572706 /* Deletion.swift */; };
		F7C4804B1DBFFB0000572706 /* RealmString.swift in Sources */ = {isa = PBXBuildFile; fileRef = F7C4804A1DBFFB0000572706 /* RealmString.swift */; };
		F7E3C5421DD2225E00DA2696 /* BotController.swift in Sources */ = {isa = PBXBuildFile; fileRef = F7E3C5411DD2225E00DA2696 /* BotController.swift */; };
		F7E3C5441DD4AF0F00DA2696 /* Bot.storyboard in Resources */ = {isa = PBXBuildFile; fileRef = F7E3C5431DD4AF0F00DA2696 /* Bot.storyboard */; };
		F7E3C5461DD4AF6E00DA2696 /* SearchForFood.storyboard in Resources */ = {isa = PBXBuildFile; fileRef = F7E3C5451DD4AF6E00DA2696 /* SearchForFood.storyboard */; };
		F7E3C54E1DDA3A7E00DA2696 /* customBotMessage.swift in Sources */ = {isa = PBXBuildFile; fileRef = F7E3C54D1DDA3A7E00DA2696 /* customBotMessage.swift */; };
		F7E3C5501DDB897D00DA2696 /* outCells.swift in Sources */ = {isa = PBXBuildFile; fileRef = F7E3C54F1DDB897D00DA2696 /* outCells.swift */; };
		F7E3C5521DDB8FF700DA2696 /* outCell.xib in Resources */ = {isa = PBXBuildFile; fileRef = F7E3C5511DDB8FF700DA2696 /* outCell.xib */; };
		F7E3C5551DDBC44300DA2696 /* miniTableViewCell.swift in Sources */ = {isa = PBXBuildFile; fileRef = F7E3C5531DDBC44300DA2696 /* miniTableViewCell.swift */; };
		F7E3C5561DDBC44300DA2696 /* miniTableViewCell.xib in Resources */ = {isa = PBXBuildFile; fileRef = F7E3C5541DDBC44300DA2696 /* miniTableViewCell.xib */; };
		F7E3C5581DDCB3EB00DA2696 /* CustomCollectionViewFlowLayout.swift in Sources */ = {isa = PBXBuildFile; fileRef = F7E3C5571DDCB3EB00DA2696 /* CustomCollectionViewFlowLayout.swift */; };
		F7E3C55C1DDE4B7C00DA2696 /* tb.swift in Sources */ = {isa = PBXBuildFile; fileRef = F7E3C55B1DDE4B7C00DA2696 /* tb.swift */; };
		F7E3C55E1DE5F6EF00DA2696 /* String+Size.swift in Sources */ = {isa = PBXBuildFile; fileRef = F7E3C55D1DE5F6EF00DA2696 /* String+Size.swift */; };
		F7FB35001DC95F0B00CAB6B7 /* TrackingUsersProgress.storyboard in Resources */ = {isa = PBXBuildFile; fileRef = F7FB34FF1DC95F0B00CAB6B7 /* TrackingUsersProgress.storyboard */; };
		F7FE00151DE70CDE00F43BB7 /* OutgoingCellDelegate.swift in Sources */ = {isa = PBXBuildFile; fileRef = F7FE00141DE70CDE00F43BB7 /* OutgoingCellDelegate.swift */; };
/* End PBXBuildFile section */

/* Begin PBXContainerItemProxy section */
		4ADE434A1DF6874B00491005 /* PBXContainerItemProxy */ = {
			isa = PBXContainerItemProxy;
			containerPortal = 965A5F041BFC48CF0055ACA4 /* Project object */;
			proxyType = 1;
			remoteGlobalIDString = 965A5F0B1BFC48D00055ACA4;
			remoteInfo = MealPlan;
		};
		965A5F2E1BFC48D00055ACA4 /* PBXContainerItemProxy */ = {
			isa = PBXContainerItemProxy;
			containerPortal = 965A5F041BFC48CF0055ACA4 /* Project object */;
			proxyType = 1;
			remoteGlobalIDString = 965A5F0B1BFC48D00055ACA4;
			remoteInfo = DailyMeals;
		};
/* End PBXContainerItemProxy section */

/* Begin PBXFileReference section */
		052957B58CC37322C9DDB5F8 /* Pods-DailyMeals.release.xcconfig */ = {isa = PBXFileReference; includeInIndex = 1; lastKnownFileType = text.xcconfig; name = "Pods-DailyMeals.release.xcconfig"; path = "Pods/Target Support Files/Pods-DailyMeals/Pods-DailyMeals.release.xcconfig"; sourceTree = "<group>"; };
		08C2DC2A25402A4720D5E2F3 /* Pods-DailyMeals.debug.xcconfig */ = {isa = PBXFileReference; includeInIndex = 1; lastKnownFileType = text.xcconfig; name = "Pods-DailyMeals.debug.xcconfig"; path = "Pods/Target Support Files/Pods-DailyMeals/Pods-DailyMeals.debug.xcconfig"; sourceTree = "<group>"; };
		371C4A5106D13B51256EE33E /* Pods-MealPlanTests.release.xcconfig */ = {isa = PBXFileReference; includeInIndex = 1; lastKnownFileType = text.xcconfig; name = "Pods-MealPlanTests.release.xcconfig"; path = "Pods/Target Support Files/Pods-MealPlanTests/Pods-MealPlanTests.release.xcconfig"; sourceTree = "<group>"; };
		3C566C2623EA159E5FA97288 /* Pods_MealPlanTests.framework */ = {isa = PBXFileReference; explicitFileType = wrapper.framework; includeInIndex = 0; path = Pods_MealPlanTests.framework; sourceTree = BUILT_PRODUCTS_DIR; };
		4A504E9A1DF6A9D400719B0B /* UpdateController.swift */ = {isa = PBXFileReference; fileEncoding = 4; lastKnownFileType = sourcecode.swift; path = UpdateController.swift; sourceTree = "<group>"; };
		4A504E9C1DF6B79500719B0B /* UpdateController.storyboard */ = {isa = PBXFileReference; fileEncoding = 4; lastKnownFileType = file.storyboard; path = UpdateController.storyboard; sourceTree = "<group>"; };
		4ADE43451DF6874B00491005 /* MealPlanTests.xctest */ = {isa = PBXFileReference; explicitFileType = wrapper.cfbundle; includeInIndex = 0; path = MealPlanTests.xctest; sourceTree = BUILT_PRODUCTS_DIR; };
		4ADE43471DF6874B00491005 /* MealPlanTests.swift */ = {isa = PBXFileReference; lastKnownFileType = sourcecode.swift; path = MealPlanTests.swift; sourceTree = "<group>"; };
		4ADE43491DF6874B00491005 /* Info.plist */ = {isa = PBXFileReference; lastKnownFileType = text.plist.xml; path = Info.plist; sourceTree = "<group>"; };
		5E3AF48C698D6F7E38C608B2 /* Pods_MealPlan.framework */ = {isa = PBXFileReference; explicitFileType = wrapper.framework; includeInIndex = 0; path = Pods_MealPlan.framework; sourceTree = BUILT_PRODUCTS_DIR; };
		6952D5C7C5EFD70A469C638C /* Pods-MealPlan.release.xcconfig */ = {isa = PBXFileReference; includeInIndex = 1; lastKnownFileType = text.xcconfig; name = "Pods-MealPlan.release.xcconfig"; path = "Pods/Target Support Files/Pods-MealPlan/Pods-MealPlan.release.xcconfig"; sourceTree = "<group>"; };
		965A5F0C1BFC48D00055ACA4 /* MealPlan.app */ = {isa = PBXFileReference; explicitFileType = wrapper.application; includeInIndex = 0; path = MealPlan.app; sourceTree = BUILT_PRODUCTS_DIR; };
		965A5F2D1BFC48D00055ACA4 /* MealPlanTests.xctest */ = {isa = PBXFileReference; explicitFileType = wrapper.cfbundle; includeInIndex = 0; path = MealPlanTests.xctest; sourceTree = BUILT_PRODUCTS_DIR; };
		9C7F0F67D0C29C6F82F01118 /* Pods-MealPlanTests.debug.xcconfig */ = {isa = PBXFileReference; includeInIndex = 1; lastKnownFileType = text.xcconfig; name = "Pods-MealPlanTests.debug.xcconfig"; path = "Pods/Target Support Files/Pods-MealPlanTests/Pods-MealPlanTests.debug.xcconfig"; sourceTree = "<group>"; };
		A32A5CC299F1EFF620522F7D /* Pods-MealPlan.debug.xcconfig */ = {isa = PBXFileReference; includeInIndex = 1; lastKnownFileType = text.xcconfig; name = "Pods-MealPlan.debug.xcconfig"; path = "Pods/Target Support Files/Pods-MealPlan/Pods-MealPlan.debug.xcconfig"; sourceTree = "<group>"; };
		ACFD24E8491873D32D6D5FC8 /* Pods_DailyMeals.framework */ = {isa = PBXFileReference; explicitFileType = wrapper.framework; includeInIndex = 0; path = Pods_DailyMeals.framework; sourceTree = BUILT_PRODUCTS_DIR; };
		F41E48A01DF9439300421CEC /* ProfileTests.swift */ = {isa = PBXFileReference; fileEncoding = 4; lastKnownFileType = sourcecode.swift; path = ProfileTests.swift; sourceTree = "<group>"; };
		F70D76A31DE8B9B500B721C1 /* Feedback.storyboard */ = {isa = PBXFileReference; fileEncoding = 4; lastKnownFileType = file.storyboard; path = Feedback.storyboard; sourceTree = "<group>"; };
		F746AE471DE7609800076B53 /* BotDelegate.swift */ = {isa = PBXFileReference; fileEncoding = 4; lastKnownFileType = sourcecode.swift; path = BotDelegate.swift; sourceTree = "<group>"; };
		F75297751DC9624E009BD0B9 /* UsersProgressMaster.swift */ = {isa = PBXFileReference; fileEncoding = 4; lastKnownFileType = sourcecode.swift; path = UsersProgressMaster.swift; sourceTree = "<group>"; };
		F78AB6E11DBE6DA400BB40EA /* AboutUsViewController.swift */ = {isa = PBXFileReference; fileEncoding = 4; lastKnownFileType = sourcecode.swift; path = AboutUsViewController.swift; sourceTree = "<group>"; };
		F78AB6E21DBE6DA400BB40EA /* ActivityLevelViewController.swift */ = {isa = PBXFileReference; fileEncoding = 4; lastKnownFileType = sourcecode.swift; path = ActivityLevelViewController.swift; sourceTree = "<group>"; };
		F78AB6E31DBE6DA400BB40EA /* AppDelegate.swift */ = {isa = PBXFileReference; fileEncoding = 4; lastKnownFileType = sourcecode.swift; path = AppDelegate.swift; sourceTree = "<group>"; };
		F78AB6E41DBE6DA400BB40EA /* ArrayExtension.swift */ = {isa = PBXFileReference; fileEncoding = 4; lastKnownFileType = sourcecode.swift; path = ArrayExtension.swift; sourceTree = "<group>"; };
		F78AB6E51DBE6DA400BB40EA /* Assets.xcassets */ = {isa = PBXFileReference; lastKnownFileType = folder.assetcatalog; path = Assets.xcassets; sourceTree = "<group>"; };
		F78AB6E61DBE6DA400BB40EA /* Assumptions.rtf */ = {isa = PBXFileReference; fileEncoding = 4; lastKnownFileType = text.rtf; path = Assumptions.rtf; sourceTree = "<group>"; };
		F78AB6E81DBE6DA400BB40EA /* Base */ = {isa = PBXFileReference; lastKnownFileType = file.storyboard; name = Base; path = Base.lproj/Introduction.storyboard; sourceTree = "<group>"; };
		F78AB6EA1DBE6DA400BB40EA /* Base */ = {isa = PBXFileReference; lastKnownFileType = file.storyboard; name = Base; path = Base.lproj/LaunchScreen.storyboard; sourceTree = "<group>"; };
		F78AB6EC1DBE6DA400BB40EA /* Base */ = {isa = PBXFileReference; lastKnownFileType = file.storyboard; name = Base; path = Base.lproj/Main.storyboard; sourceTree = "<group>"; };
		F78AB6ED1DBE6DA400BB40EA /* bkgrd.swift */ = {isa = PBXFileReference; fileEncoding = 4; lastKnownFileType = sourcecode.swift; path = bkgrd.swift; sourceTree = "<group>"; };
		F78AB6EE1DBE6DA400BB40EA /* CaloriesTableViewCell.swift */ = {isa = PBXFileReference; fileEncoding = 4; lastKnownFileType = sourcecode.swift; path = CaloriesTableViewCell.swift; sourceTree = "<group>"; };
		F78AB6EF1DBE6DA400BB40EA /* CaloriesViewController.swift */ = {isa = PBXFileReference; fileEncoding = 4; lastKnownFileType = sourcecode.swift; path = CaloriesViewController.swift; sourceTree = "<group>"; };
		F78AB6F11DBE6DA400BB40EA /* Config.swift */ = {isa = PBXFileReference; fileEncoding = 4; lastKnownFileType = sourcecode.swift; path = Config.swift; sourceTree = "<group>"; };
		F78AB6F21DBE6DA400BB40EA /* Constants.swift */ = {isa = PBXFileReference; fileEncoding = 4; lastKnownFileType = sourcecode.swift; path = Constants.swift; sourceTree = "<group>"; };
		F78AB6F31DBE6DA400BB40EA /* ContactUsViewController.swift */ = {isa = PBXFileReference; fileEncoding = 4; lastKnownFileType = sourcecode.swift; path = ContactUsViewController.swift; sourceTree = "<group>"; };
		F78AB6F41DBE6DA400BB40EA /* createMealPlan.swift */ = {isa = PBXFileReference; fileEncoding = 4; lastKnownFileType = sourcecode.swift; path = createMealPlan.swift; sourceTree = "<group>"; };
		F78AB6F51DBE6DA400BB40EA /* MealPlanAlgorithm+methods.swift */ = {isa = PBXFileReference; fileEncoding = 4; lastKnownFileType = sourcecode.swift; path = "MealPlanAlgorithm+methods.swift"; sourceTree = "<group>"; };
		F78AB6F61DBE6DA400BB40EA /* MealPlanAlgorithm.swift */ = {isa = PBXFileReference; fileEncoding = 4; lastKnownFileType = sourcecode.swift; path = MealPlanAlgorithm.swift; sourceTree = "<group>"; };
		F78AB6F71DBE6DA400BB40EA /* DetailViewController.swift */ = {isa = PBXFileReference; fileEncoding = 4; lastKnownFileType = sourcecode.swift; path = DetailViewController.swift; sourceTree = "<group>"; };
		F78AB6F81DBE6DA400BB40EA /* FoodListTableViewCell.swift */ = {isa = PBXFileReference; fileEncoding = 4; lastKnownFileType = sourcecode.swift; path = FoodListTableViewCell.swift; sourceTree = "<group>"; };
		F78AB6F91DBE6DA400BB40EA /* FoodSearchViewController.swift */ = {isa = PBXFileReference; fileEncoding = 4; lastKnownFileType = sourcecode.swift; path = FoodSearchViewController.swift; sourceTree = "<group>"; };
		F78AB6FA1DBE6DA400BB40EA /* Height&WeightListViewController.swift */ = {isa = PBXFileReference; fileEncoding = 4; lastKnownFileType = sourcecode.swift; path = "Height&WeightListViewController.swift"; sourceTree = "<group>"; };
		F78AB6FB1DBE6DA400BB40EA /* IconImages.xcassets */ = {isa = PBXFileReference; lastKnownFileType = folder.assetcatalog; path = IconImages.xcassets; sourceTree = "<group>"; };
		F78AB6FC1DBE6DA400BB40EA /* Info.plist */ = {isa = PBXFileReference; fileEncoding = 4; lastKnownFileType = text.plist.xml; path = Info.plist; sourceTree = "<group>"; };
		F78AB6FD1DBE6DA400BB40EA /* initalLoad.json */ = {isa = PBXFileReference; fileEncoding = 4; lastKnownFileType = text.json; path = initalLoad.json; sourceTree = "<group>"; };
		F78AB6FE1DBE6DA400BB40EA /* initialLoad2.json */ = {isa = PBXFileReference; fileEncoding = 4; lastKnownFileType = text.json; path = initialLoad2.json; sourceTree = "<group>"; };
		F78AB6FF1DBE6DA400BB40EA /* initialLoad3.json */ = {isa = PBXFileReference; fileEncoding = 4; lastKnownFileType = text.json; path = initialLoad3.json; sourceTree = "<group>"; };
		F78AB7001DBE6DA400BB40EA /* LastWeekViewController.swift */ = {isa = PBXFileReference; fileEncoding = 4; lastKnownFileType = sourcecode.swift; path = LastWeekViewController.swift; sourceTree = "<group>"; };
		F78AB7011DBE6DA400BB40EA /* ListViewController.swift */ = {isa = PBXFileReference; fileEncoding = 4; lastKnownFileType = sourcecode.swift; path = ListViewController.swift; sourceTree = "<group>"; };
		F78AB7021DBE6DA400BB40EA /* MealPlanViewController.swift */ = {isa = PBXFileReference; fileEncoding = 4; lastKnownFileType = sourcecode.swift; path = MealPlanViewController.swift; sourceTree = "<group>"; };
		F78AB7031DBE6DA400BB40EA /* MPTableViewCell.swift */ = {isa = PBXFileReference; fileEncoding = 4; lastKnownFileType = sourcecode.swift; path = MPTableViewCell.swift; sourceTree = "<group>"; };
		F78AB7041DBE6DA400BB40EA /* Media.xcassets */ = {isa = PBXFileReference; lastKnownFileType = folder.assetcatalog; path = Media.xcassets; sourceTree = "<group>"; };
		F78AB7061DBE6DA400BB40EA /* Biographical.swift */ = {isa = PBXFileReference; fileEncoding = 4; lastKnownFileType = sourcecode.swift; path = Biographical.swift; sourceTree = "<group>"; };
		F78AB7071DBE6DA400BB40EA /* DailyMealPlan.swift */ = {isa = PBXFileReference; fileEncoding = 4; lastKnownFileType = sourcecode.swift; path = DailyMealPlan.swift; sourceTree = "<group>"; };
		F78AB7081DBE6DA400BB40EA /* DataHandler.swift */ = {isa = PBXFileReference; fileEncoding = 4; lastKnownFileType = sourcecode.swift; path = DataHandler.swift; sourceTree = "<group>"; };
		F78AB7091DBE6DA400BB40EA /* DietSuitability.swift */ = {isa = PBXFileReference; fileEncoding = 4; lastKnownFileType = sourcecode.swift; path = DietSuitability.swift; sourceTree = "<group>"; };
		F78AB70A1DBE6DA400BB40EA /* FeedBack.swift */ = {isa = PBXFileReference; fileEncoding = 4; lastKnownFileType = sourcecode.swift; path = FeedBack.swift; sourceTree = "<group>"; };
		F78AB70B1DBE6DA400BB40EA /* Food.swift */ = {isa = PBXFileReference; fileEncoding = 4; lastKnownFileType = sourcecode.swift; path = Food.swift; sourceTree = "<group>"; };
		F78AB70C1DBE6DA400BB40EA /* FoodItem.swift */ = {isa = PBXFileReference; fileEncoding = 4; lastKnownFileType = sourcecode.swift; path = FoodItem.swift; sourceTree = "<group>"; };
		F78AB70D1DBE6DA400BB40EA /* FoodsDisliked.swift */ = {isa = PBXFileReference; fileEncoding = 4; lastKnownFileType = sourcecode.swift; path = FoodsDisliked.swift; sourceTree = "<group>"; };
		F78AB70E1DBE6DA400BB40EA /* FoodsLiked.swift */ = {isa = PBXFileReference; fileEncoding = 4; lastKnownFileType = sourcecode.swift; path = FoodsLiked.swift; sourceTree = "<group>"; };
		F78AB70F1DBE6DA400BB40EA /* FoodType.swift */ = {isa = PBXFileReference; fileEncoding = 4; lastKnownFileType = sourcecode.swift; path = FoodType.swift; sourceTree = "<group>"; };
		F78AB7101DBE6DA400BB40EA /* Macronutrient.swift */ = {isa = PBXFileReference; fileEncoding = 4; lastKnownFileType = sourcecode.swift; path = Macronutrient.swift; sourceTree = "<group>"; };
		F78AB7111DBE6DA400BB40EA /* Meal.swift */ = {isa = PBXFileReference; fileEncoding = 4; lastKnownFileType = sourcecode.swift; path = Meal.swift; sourceTree = "<group>"; };
		F78AB7121DBE6DA400BB40EA /* Profile.swift */ = {isa = PBXFileReference; fileEncoding = 4; lastKnownFileType = sourcecode.swift; path = Profile.swift; sourceTree = "<group>"; };
		F78AB7131DBE6DA400BB40EA /* ServingSize.swift */ = {isa = PBXFileReference; fileEncoding = 4; lastKnownFileType = sourcecode.swift; path = ServingSize.swift; sourceTree = "<group>"; };
		F78AB7141DBE6DA400BB40EA /* User.swift */ = {isa = PBXFileReference; fileEncoding = 4; lastKnownFileType = sourcecode.swift; path = User.swift; sourceTree = "<group>"; };
		F78AB7151DBE6DA400BB40EA /* Week.swift */ = {isa = PBXFileReference; fileEncoding = 4; lastKnownFileType = sourcecode.swift; path = Week.swift; sourceTree = "<group>"; };
		F78AB7161DBE6DA400BB40EA /* mpButton.swift */ = {isa = PBXFileReference; fileEncoding = 4; lastKnownFileType = sourcecode.swift; path = mpButton.swift; sourceTree = "<group>"; };
		F78AB7181DBE6DA400BB40EA /* Connect.swift */ = {isa = PBXFileReference; fileEncoding = 4; lastKnownFileType = sourcecode.swift; path = Connect.swift; sourceTree = "<group>"; };
		F78AB7191DBE6DA400BB40EA /* Network.swift */ = {isa = PBXFileReference; fileEncoding = 4; lastKnownFileType = sourcecode.swift; path = Network.swift; sourceTree = "<group>"; };
		F78AB71A1DBE6DA400BB40EA /* PageItemController.swift */ = {isa = PBXFileReference; fileEncoding = 4; lastKnownFileType = sourcecode.swift; path = PageItemController.swift; sourceTree = "<group>"; };
		F78AB71B1DBE6DA400BB40EA /* PayemtAddsTableViewCell.swift */ = {isa = PBXFileReference; fileEncoding = 4; lastKnownFileType = sourcecode.swift; path = PayemtAddsTableViewCell.swift; sourceTree = "<group>"; };
		F78AB71C1DBE6DA400BB40EA /* PayemtControllerImageTableViewCell.swift */ = {isa = PBXFileReference; fileEncoding = 4; lastKnownFileType = sourcecode.swift; path = PayemtControllerImageTableViewCell.swift; sourceTree = "<group>"; };
		F78AB71E1DBE6DA400BB40EA /* AKPickerView.swift */ = {isa = PBXFileReference; fileEncoding = 4; lastKnownFileType = sourcecode.swift; path = AKPickerView.swift; sourceTree = "<group>"; };
		F78AB71F1DBE6DA400BB40EA /* DragToTable.swift */ = {isa = PBXFileReference; fileEncoding = 4; lastKnownFileType = sourcecode.swift; path = DragToTable.swift; sourceTree = "<group>"; };
		F78AB7201DBE6DA400BB40EA /* MultiTag.swift */ = {isa = PBXFileReference; fileEncoding = 4; lastKnownFileType = sourcecode.swift; path = MultiTag.swift; sourceTree = "<group>"; };
		F78AB7211DBE6DA400BB40EA /* PremiumPlanViewController.swift */ = {isa = PBXFileReference; fileEncoding = 4; lastKnownFileType = sourcecode.swift; path = PremiumPlanViewController.swift; sourceTree = "<group>"; };
		F78AB7221DBE6DA400BB40EA /* settings.swift */ = {isa = PBXFileReference; fileEncoding = 4; lastKnownFileType = sourcecode.swift; path = settings.swift; sourceTree = "<group>"; };
		F78AB7231DBE6DA400BB40EA /* Step1ViewController.swift */ = {isa = PBXFileReference; fileEncoding = 4; lastKnownFileType = sourcecode.swift; path = Step1ViewController.swift; sourceTree = "<group>"; };
		F78AB7241DBE6DA400BB40EA /* Step2ViewController.swift */ = {isa = PBXFileReference; fileEncoding = 4; lastKnownFileType = sourcecode.swift; path = Step2ViewController.swift; sourceTree = "<group>"; };
		F78AB7251DBE6DA400BB40EA /* Step3TableViewCell.swift */ = {isa = PBXFileReference; fileEncoding = 4; lastKnownFileType = sourcecode.swift; path = Step3TableViewCell.swift; sourceTree = "<group>"; };
		F78AB7261DBE6DA400BB40EA /* Step3ViewController.swift */ = {isa = PBXFileReference; fileEncoding = 4; lastKnownFileType = sourcecode.swift; path = Step3ViewController.swift; sourceTree = "<group>"; };
		F78AB7271DBE6DA400BB40EA /* Step4TableViewCell.swift */ = {isa = PBXFileReference; fileEncoding = 4; lastKnownFileType = sourcecode.swift; path = Step4TableViewCell.swift; sourceTree = "<group>"; };
		F78AB7281DBE6DA400BB40EA /* Step4ViewController.swift */ = {isa = PBXFileReference; fileEncoding = 4; lastKnownFileType = sourcecode.swift; path = Step4ViewController.swift; sourceTree = "<group>"; };
		F78AB72A1DBE6DA400BB40EA /* Util.swift */ = {isa = PBXFileReference; fileEncoding = 4; lastKnownFileType = sourcecode.swift; path = Util.swift; sourceTree = "<group>"; };
		F78AB72B1DBE6DA400BB40EA /* ViewController.swift */ = {isa = PBXFileReference; fileEncoding = 4; lastKnownFileType = sourcecode.swift; path = ViewController.swift; sourceTree = "<group>"; };
		F78AB7701DBE74FC00BB40EA /* MealPlan-Bridging-Header.h */ = {isa = PBXFileReference; fileEncoding = 4; lastKnownFileType = sourcecode.c.h; path = "MealPlan-Bridging-Header.h"; sourceTree = "<group>"; };
		F78EDFDB1DEDCD3D00AC1AF7 /* HowTheMealPlanWillWork.storyboard */ = {isa = PBXFileReference; fileEncoding = 4; lastKnownFileType = file.storyboard; path = HowTheMealPlanWillWork.storyboard; sourceTree = "<group>"; };
		F78EDFDD1DEDCE2200AC1AF7 /* HowTheMealPlanWillWork.swift */ = {isa = PBXFileReference; fileEncoding = 4; lastKnownFileType = sourcecode.swift; path = HowTheMealPlanWillWork.swift; sourceTree = "<group>"; };
		F78EDFDF1DEDDCD000AC1AF7 /* SetUpMealPlan.swift */ = {isa = PBXFileReference; fileEncoding = 4; lastKnownFileType = sourcecode.swift; path = SetUpMealPlan.swift; sourceTree = "<group>"; };
		F7C480481DBFF37B00572706 /* Deletion.swift */ = {isa = PBXFileReference; fileEncoding = 4; lastKnownFileType = sourcecode.swift; path = Deletion.swift; sourceTree = "<group>"; };
		F7C4804A1DBFFB0000572706 /* RealmString.swift */ = {isa = PBXFileReference; fileEncoding = 4; lastKnownFileType = sourcecode.swift; path = RealmString.swift; sourceTree = "<group>"; };
		F7E3C5411DD2225E00DA2696 /* BotController.swift */ = {isa = PBXFileReference; fileEncoding = 4; lastKnownFileType = sourcecode.swift; path = BotController.swift; sourceTree = "<group>"; };
		F7E3C5431DD4AF0F00DA2696 /* Bot.storyboard */ = {isa = PBXFileReference; fileEncoding = 4; lastKnownFileType = file.storyboard; path = Bot.storyboard; sourceTree = "<group>"; };
		F7E3C5451DD4AF6E00DA2696 /* SearchForFood.storyboard */ = {isa = PBXFileReference; fileEncoding = 4; lastKnownFileType = file.storyboard; path = SearchForFood.storyboard; sourceTree = "<group>"; };
		F7E3C54D1DDA3A7E00DA2696 /* customBotMessage.swift */ = {isa = PBXFileReference; fileEncoding = 4; lastKnownFileType = sourcecode.swift; path = customBotMessage.swift; sourceTree = "<group>"; };
		F7E3C54F1DDB897D00DA2696 /* outCells.swift */ = {isa = PBXFileReference; fileEncoding = 4; lastKnownFileType = sourcecode.swift; path = outCells.swift; sourceTree = "<group>"; };
		F7E3C5511DDB8FF700DA2696 /* outCell.xib */ = {isa = PBXFileReference; fileEncoding = 4; lastKnownFileType = file.xib; path = outCell.xib; sourceTree = "<group>"; };
		F7E3C5531DDBC44300DA2696 /* miniTableViewCell.swift */ = {isa = PBXFileReference; fileEncoding = 4; lastKnownFileType = sourcecode.swift; path = miniTableViewCell.swift; sourceTree = "<group>"; };
		F7E3C5541DDBC44300DA2696 /* miniTableViewCell.xib */ = {isa = PBXFileReference; fileEncoding = 4; lastKnownFileType = file.xib; path = miniTableViewCell.xib; sourceTree = "<group>"; };
		F7E3C5571DDCB3EB00DA2696 /* CustomCollectionViewFlowLayout.swift */ = {isa = PBXFileReference; fileEncoding = 4; lastKnownFileType = sourcecode.swift; path = CustomCollectionViewFlowLayout.swift; sourceTree = "<group>"; };
		F7E3C55B1DDE4B7C00DA2696 /* tb.swift */ = {isa = PBXFileReference; fileEncoding = 4; lastKnownFileType = sourcecode.swift; path = tb.swift; sourceTree = "<group>"; };
		F7E3C55D1DE5F6EF00DA2696 /* String+Size.swift */ = {isa = PBXFileReference; fileEncoding = 4; lastKnownFileType = sourcecode.swift; path = "String+Size.swift"; sourceTree = "<group>"; };
		F7FB34FF1DC95F0B00CAB6B7 /* TrackingUsersProgress.storyboard */ = {isa = PBXFileReference; fileEncoding = 4; lastKnownFileType = file.storyboard; path = TrackingUsersProgress.storyboard; sourceTree = "<group>"; };
		F7FE00141DE70CDE00F43BB7 /* OutgoingCellDelegate.swift */ = {isa = PBXFileReference; fileEncoding = 4; lastKnownFileType = sourcecode.swift; path = OutgoingCellDelegate.swift; sourceTree = "<group>"; };
/* End PBXFileReference section */

/* Begin PBXFrameworksBuildPhase section */
		4ADE43421DF6874B00491005 /* Frameworks */ = {
			isa = PBXFrameworksBuildPhase;
			buildActionMask = 2147483647;
			files = (
				B93B729C44D3525F62D13B57 /* Pods_MealPlanTests.framework in Frameworks */,
			);
			runOnlyForDeploymentPostprocessing = 0;
		};
		965A5F091BFC48D00055ACA4 /* Frameworks */ = {
			isa = PBXFrameworksBuildPhase;
			buildActionMask = 2147483647;
			files = (
				5D0D828B2EFCEEDCF9A6AA8D /* Pods_MealPlan.framework in Frameworks */,
			);
			runOnlyForDeploymentPostprocessing = 0;
		};
		965A5F2A1BFC48D00055ACA4 /* Frameworks */ = {
			isa = PBXFrameworksBuildPhase;
			buildActionMask = 2147483647;
			files = (
			);
			runOnlyForDeploymentPostprocessing = 0;
		};
/* End PBXFrameworksBuildPhase section */

/* Begin PBXGroup section */
		0B9CF51514F79416B6331419 /* Frameworks */ = {
			isa = PBXGroup;
			children = (
				ACFD24E8491873D32D6D5FC8 /* Pods_DailyMeals.framework */,
				5E3AF48C698D6F7E38C608B2 /* Pods_MealPlan.framework */,
				3C566C2623EA159E5FA97288 /* Pods_MealPlanTests.framework */,
			);
			name = Frameworks;
			sourceTree = "<group>";
		};
		0C5B138E7420DFD02DA1E0A4 /* Pods */ = {
			isa = PBXGroup;
			children = (
				08C2DC2A25402A4720D5E2F3 /* Pods-DailyMeals.debug.xcconfig */,
				052957B58CC37322C9DDB5F8 /* Pods-DailyMeals.release.xcconfig */,
				A32A5CC299F1EFF620522F7D /* Pods-MealPlan.debug.xcconfig */,
				6952D5C7C5EFD70A469C638C /* Pods-MealPlan.release.xcconfig */,
				9C7F0F67D0C29C6F82F01118 /* Pods-MealPlanTests.debug.xcconfig */,
				371C4A5106D13B51256EE33E /* Pods-MealPlanTests.release.xcconfig */,
			);
			name = Pods;
			sourceTree = "<group>";
		};
		4A504E991DF6A9AC00719B0B /* UpdateController */ = {
			isa = PBXGroup;
			children = (
				4A504E9A1DF6A9D400719B0B /* UpdateController.swift */,
				4A504E9C1DF6B79500719B0B /* UpdateController.storyboard */,
			);
			name = UpdateController;
			sourceTree = "<group>";
		};
		4ADE43461DF6874B00491005 /* MealPlanTests */ = {
			isa = PBXGroup;
			children = (
				4ADE43471DF6874B00491005 /* MealPlanTests.swift */,
				F41E48A01DF9439300421CEC /* ProfileTests.swift */,
				4ADE43491DF6874B00491005 /* Info.plist */,
			);
			path = MealPlanTests;
			sourceTree = "<group>";
		};
		965A5F031BFC48CF0055ACA4 = {
			isa = PBXGroup;
			children = (
				F78AB6E01DBE6DA400BB40EA /* MealPlan */,
				4ADE43461DF6874B00491005 /* MealPlanTests */,
				965A5F0D1BFC48D00055ACA4 /* Products */,
				0C5B138E7420DFD02DA1E0A4 /* Pods */,
				0B9CF51514F79416B6331419 /* Frameworks */,
			);
			sourceTree = "<group>";
		};
		965A5F0D1BFC48D00055ACA4 /* Products */ = {
			isa = PBXGroup;
			children = (
				965A5F0C1BFC48D00055ACA4 /* MealPlan.app */,
				965A5F2D1BFC48D00055ACA4 /* MealPlanTests.xctest */,
				4ADE43451DF6874B00491005 /* MealPlanTests.xctest */,
			);
			name = Products;
			sourceTree = "<group>";
		};
		F78AB6E01DBE6DA400BB40EA /* MealPlan */ = {
			isa = PBXGroup;
			children = (
				4A504E991DF6A9AC00719B0B /* UpdateController */,
				F7C480431DBF61AF00572706 /* Extensions */,
				F7C480411DBF609300572706 /* Controllers */,
				F7C480401DBF602900572706 /* View */,
				F78AB7051DBE6DA400BB40EA /* Model */,
				F7C4803E1DBF5FDF00572706 /* Delegates */,
				F7C480421DBF60F400572706 /* Walkthrough */,
				F78AB6F01DBE6DA400BB40EA /* Config */,
				F78AB71D1DBE6DA400BB40EA /* Picker */,
				F78AB7171DBE6DA400BB40EA /* Network */,
				F7C480441DBF61D100572706 /* Payment */,
				F7C480451DBF61DF00572706 /* Settings */,
				F78AB6E51DBE6DA400BB40EA /* Assets.xcassets */,
				F78AB6FB1DBE6DA400BB40EA /* IconImages.xcassets */,
				F78AB7041DBE6DA400BB40EA /* Media.xcassets */,
				F78AB6E61DBE6DA400BB40EA /* Assumptions.rtf */,
				F78AB6FC1DBE6DA400BB40EA /* Info.plist */,
				F78AB6FD1DBE6DA400BB40EA /* initalLoad.json */,
				F78AB6FE1DBE6DA400BB40EA /* initialLoad2.json */,
				F78AB6FF1DBE6DA400BB40EA /* initialLoad3.json */,
			);
			path = MealPlan;
			sourceTree = "<group>";
		};
		F78AB6F01DBE6DA400BB40EA /* Config */ = {
			isa = PBXGroup;
			children = (
				F78AB6F11DBE6DA400BB40EA /* Config.swift */,
				F78AB6F21DBE6DA400BB40EA /* Constants.swift */,
			);
			path = Config;
			sourceTree = "<group>";
		};
		F78AB7051DBE6DA400BB40EA /* Model */ = {
			isa = PBXGroup;
			children = (
				F78EDFE11DEDE5DA00AC1AF7 /* Algorithm */,
				F78EDFDF1DEDDCD000AC1AF7 /* SetUpMealPlan.swift */,
				F78AB7081DBE6DA400BB40EA /* DataHandler.swift */,
				F78AB7061DBE6DA400BB40EA /* Biographical.swift */,
				F78AB7071DBE6DA400BB40EA /* DailyMealPlan.swift */,
				F7C480481DBFF37B00572706 /* Deletion.swift */,
				F7C4804A1DBFFB0000572706 /* RealmString.swift */,
				F78AB7091DBE6DA400BB40EA /* DietSuitability.swift */,
				F78AB70A1DBE6DA400BB40EA /* FeedBack.swift */,
				F78AB70B1DBE6DA400BB40EA /* Food.swift */,
				F78AB70C1DBE6DA400BB40EA /* FoodItem.swift */,
				F78AB70D1DBE6DA400BB40EA /* FoodsDisliked.swift */,
				F78AB70E1DBE6DA400BB40EA /* FoodsLiked.swift */,
				F78AB70F1DBE6DA400BB40EA /* FoodType.swift */,
				F78AB7101DBE6DA400BB40EA /* Macronutrient.swift */,
				F78AB7111DBE6DA400BB40EA /* Meal.swift */,
				F78AB7121DBE6DA400BB40EA /* Profile.swift */,
				F78AB7131DBE6DA400BB40EA /* ServingSize.swift */,
				F78AB7141DBE6DA400BB40EA /* User.swift */,
				F78AB7151DBE6DA400BB40EA /* Week.swift */,
			);
			path = Model;
			sourceTree = "<group>";
		};
		F78AB7171DBE6DA400BB40EA /* Network */ = {
			isa = PBXGroup;
			children = (
				F78AB7181DBE6DA400BB40EA /* Connect.swift */,
				F78AB7191DBE6DA400BB40EA /* Network.swift */,
			);
			path = Network;
			sourceTree = "<group>";
		};
		F78AB71D1DBE6DA400BB40EA /* Picker */ = {
			isa = PBXGroup;
			children = (
				F78AB71E1DBE6DA400BB40EA /* AKPickerView.swift */,
				F78AB71F1DBE6DA400BB40EA /* DragToTable.swift */,
				F78AB7201DBE6DA400BB40EA /* MultiTag.swift */,
			);
			path = Picker;
			sourceTree = "<group>";
		};
		F78EDFE11DEDE5DA00AC1AF7 /* Algorithm */ = {
			isa = PBXGroup;
			children = (
				F78AB6F51DBE6DA400BB40EA /* MealPlanAlgorithm+methods.swift */,
				F78AB6F61DBE6DA400BB40EA /* MealPlanAlgorithm.swift */,
			);
			name = Algorithm;
			path = ..;
			sourceTree = "<group>";
		};
		F7C4803E1DBF5FDF00572706 /* Delegates */ = {
			isa = PBXGroup;
			children = (
				F78AB6E31DBE6DA400BB40EA /* AppDelegate.swift */,
				F7FE00141DE70CDE00F43BB7 /* OutgoingCellDelegate.swift */,
				F746AE471DE7609800076B53 /* BotDelegate.swift */,
			);
			name = Delegates;
			sourceTree = "<group>";
		};
		F7C480401DBF602900572706 /* View */ = {
			isa = PBXGroup;
			children = (
				F78AB6ED1DBE6DA400BB40EA /* bkgrd.swift */,
				F78AB7161DBE6DA400BB40EA /* mpButton.swift */,
				F78AB6E71DBE6DA400BB40EA /* Introduction.storyboard */,
				F7E3C5431DD4AF0F00DA2696 /* Bot.storyboard */,
				F78AB6E91DBE6DA400BB40EA /* LaunchScreen.storyboard */,
				F78AB6EB1DBE6DA400BB40EA /* Main.storyboard */,
				F78EDFDB1DEDCD3D00AC1AF7 /* HowTheMealPlanWillWork.storyboard */,
				F70D76A31DE8B9B500B721C1 /* Feedback.storyboard */,
				F7E3C5451DD4AF6E00DA2696 /* SearchForFood.storyboard */,
				F7FB34FF1DC95F0B00CAB6B7 /* TrackingUsersProgress.storyboard */,
				F7E3C5511DDB8FF700DA2696 /* outCell.xib */,
				F7E3C5541DDBC44300DA2696 /* miniTableViewCell.xib */,
			);
			name = View;
			sourceTree = "<group>";
		};
		F7C480411DBF609300572706 /* Controllers */ = {
			isa = PBXGroup;
			children = (
				F78AB6E11DBE6DA400BB40EA /* AboutUsViewController.swift */,
				F78AB6EE1DBE6DA400BB40EA /* CaloriesTableViewCell.swift */,
				F78AB6EF1DBE6DA400BB40EA /* CaloriesViewController.swift */,
				F78EDFDD1DEDCE2200AC1AF7 /* HowTheMealPlanWillWork.swift */,
				F78AB6F31DBE6DA400BB40EA /* ContactUsViewController.swift */,
				F78AB6F41DBE6DA400BB40EA /* createMealPlan.swift */,
				F78AB6F71DBE6DA400BB40EA /* DetailViewController.swift */,
				F78AB6F81DBE6DA400BB40EA /* FoodListTableViewCell.swift */,
				F78AB6F91DBE6DA400BB40EA /* FoodSearchViewController.swift */,
				F78AB7021DBE6DA400BB40EA /* MealPlanViewController.swift */,
				F78AB7031DBE6DA400BB40EA /* MPTableViewCell.swift */,
				F78AB6FA1DBE6DA400BB40EA /* Height&WeightListViewController.swift */,
				F78AB7001DBE6DA400BB40EA /* LastWeekViewController.swift */,
				F78AB7011DBE6DA400BB40EA /* ListViewController.swift */,
				F78AB7211DBE6DA400BB40EA /* PremiumPlanViewController.swift */,
				F75297751DC9624E009BD0B9 /* UsersProgressMaster.swift */,
				F7E3C54D1DDA3A7E00DA2696 /* customBotMessage.swift */,
				F7E3C5571DDCB3EB00DA2696 /* CustomCollectionViewFlowLayout.swift */,
				F7E3C5411DD2225E00DA2696 /* BotController.swift */,
				F7E3C54F1DDB897D00DA2696 /* outCells.swift */,
				F7E3C5531DDBC44300DA2696 /* miniTableViewCell.swift */,
				F7E3C55B1DDE4B7C00DA2696 /* tb.swift */,
			);
			name = Controllers;
			sourceTree = "<group>";
		};
		F7C480421DBF60F400572706 /* Walkthrough */ = {
			isa = PBXGroup;
			children = (
				F78AB72B1DBE6DA400BB40EA /* ViewController.swift */,
				F78AB71A1DBE6DA400BB40EA /* PageItemController.swift */,
				F78AB6E21DBE6DA400BB40EA /* ActivityLevelViewController.swift */,
				F78AB7231DBE6DA400BB40EA /* Step1ViewController.swift */,
				F78AB7241DBE6DA400BB40EA /* Step2ViewController.swift */,
				F78AB7251DBE6DA400BB40EA /* Step3TableViewCell.swift */,
				F78AB7261DBE6DA400BB40EA /* Step3ViewController.swift */,
				F78AB7271DBE6DA400BB40EA /* Step4TableViewCell.swift */,
				F78AB7281DBE6DA400BB40EA /* Step4ViewController.swift */,
			);
			name = Walkthrough;
			sourceTree = "<group>";
		};
		F7C480431DBF61AF00572706 /* Extensions */ = {
			isa = PBXGroup;
			children = (
				F78AB7701DBE74FC00BB40EA /* MealPlan-Bridging-Header.h */,
				F78AB6E41DBE6DA400BB40EA /* ArrayExtension.swift */,
				F7E3C55D1DE5F6EF00DA2696 /* String+Size.swift */,
				F78AB72A1DBE6DA400BB40EA /* Util.swift */,
			);
			name = Extensions;
			sourceTree = "<group>";
		};
		F7C480441DBF61D100572706 /* Payment */ = {
			isa = PBXGroup;
			children = (
				F78AB71B1DBE6DA400BB40EA /* PayemtAddsTableViewCell.swift */,
				F78AB71C1DBE6DA400BB40EA /* PayemtControllerImageTableViewCell.swift */,
			);
			name = Payment;
			sourceTree = "<group>";
		};
		F7C480451DBF61DF00572706 /* Settings */ = {
			isa = PBXGroup;
			children = (
				F78AB7221DBE6DA400BB40EA /* settings.swift */,
			);
			name = Settings;
			sourceTree = "<group>";
		};
/* End PBXGroup section */

/* Begin PBXNativeTarget section */
		4ADE43441DF6874B00491005 /* MealPlanTests */ = {
			isa = PBXNativeTarget;
			buildConfigurationList = 4ADE434C1DF6874B00491005 /* Build configuration list for PBXNativeTarget "MealPlanTests" */;
			buildPhases = (
				37807A0D4AA3D0790AD708C1 /* [CP] Check Pods Manifest.lock */,
				4ADE43411DF6874B00491005 /* Sources */,
				4ADE43421DF6874B00491005 /* Frameworks */,
				4ADE43431DF6874B00491005 /* Resources */,
				9BF898B43B2EDD0A98545BD1 /* [CP] Embed Pods Frameworks */,
				DD99201E2E14F39E9F58490C /* [CP] Copy Pods Resources */,
			);
			buildRules = (
			);
			dependencies = (
				4ADE434B1DF6874B00491005 /* PBXTargetDependency */,
			);
			name = MealPlanTests;
			productName = MealPlanTests;
			productReference = 4ADE43451DF6874B00491005 /* MealPlanTests.xctest */;
			productType = "com.apple.product-type.bundle.unit-test";
		};
		965A5F0B1BFC48D00055ACA4 /* MealPlan */ = {
			isa = PBXNativeTarget;
			buildConfigurationList = 965A5F361BFC48D00055ACA4 /* Build configuration list for PBXNativeTarget "MealPlan" */;
			buildPhases = (
				81EA1B8EB40CEC8CFF9FD74A /* [CP] Check Pods Manifest.lock */,
				965A5F081BFC48D00055ACA4 /* Sources */,
				965A5F091BFC48D00055ACA4 /* Frameworks */,
				965A5F0A1BFC48D00055ACA4 /* Resources */,
				F396C75EAE284DEAD7624BB3 /* [CP] Embed Pods Frameworks */,
				1E54BFD686195CEAC9B0046C /* [CP] Copy Pods Resources */,
				F723B4271DBE646100CD2E31 /* ShellScript */,
			);
			buildRules = (
			);
			dependencies = (
			);
			name = MealPlan;
			productName = DailyMeals;
			productReference = 965A5F0C1BFC48D00055ACA4 /* MealPlan.app */;
			productType = "com.apple.product-type.application";
		};
		965A5F2C1BFC48D00055ACA4 /* MealPlanUITests */ = {
			isa = PBXNativeTarget;
			buildConfigurationList = 965A5F3C1BFC48D00055ACA4 /* Build configuration list for PBXNativeTarget "MealPlanUITests" */;
			buildPhases = (
				965A5F291BFC48D00055ACA4 /* Sources */,
				965A5F2A1BFC48D00055ACA4 /* Frameworks */,
				965A5F2B1BFC48D00055ACA4 /* Resources */,
			);
			buildRules = (
			);
			dependencies = (
				965A5F2F1BFC48D00055ACA4 /* PBXTargetDependency */,
			);
			name = MealPlanUITests;
			productName = DailyMealsUITests;
			productReference = 965A5F2D1BFC48D00055ACA4 /* MealPlanTests.xctest */;
			productType = "com.apple.product-type.bundle.ui-testing";
		};
/* End PBXNativeTarget section */

/* Begin PBXProject section */
		965A5F041BFC48CF0055ACA4 /* Project object */ = {
			isa = PBXProject;
			attributes = {
				LastSwiftUpdateCheck = 0810;
				LastUpgradeCheck = 0810;
				ORGANIZATIONNAME = Meals;
				TargetAttributes = {
					4ADE43441DF6874B00491005 = {
						CreatedOnToolsVersion = 8.1;
						DevelopmentTeam = YP6WP7PU57;
						ProvisioningStyle = Manual;
						TestTargetID = 965A5F0B1BFC48D00055ACA4;
					};
					965A5F0B1BFC48D00055ACA4 = {
						CreatedOnToolsVersion = 7.1;
						DevelopmentTeam = 644582FWFB;
						LastSwiftMigration = 0810;
						ProvisioningStyle = Manual;
					};
					965A5F2C1BFC48D00055ACA4 = {
						CreatedOnToolsVersion = 7.1;
						LastSwiftMigration = 0810;
						TestTargetID = 965A5F0B1BFC48D00055ACA4;
					};
				};
			};
			buildConfigurationList = 965A5F071BFC48CF0055ACA4 /* Build configuration list for PBXProject "MealPlan" */;
			compatibilityVersion = "Xcode 3.2";
			developmentRegion = English;
			hasScannedForEncodings = 0;
			knownRegions = (
				en,
				Base,
			);
			mainGroup = 965A5F031BFC48CF0055ACA4;
			productRefGroup = 965A5F0D1BFC48D00055ACA4 /* Products */;
			projectDirPath = "";
			projectRoot = "";
			targets = (
				965A5F0B1BFC48D00055ACA4 /* MealPlan */,
				965A5F2C1BFC48D00055ACA4 /* MealPlanUITests */,
				4ADE43441DF6874B00491005 /* MealPlanTests */,
			);
		};
/* End PBXProject section */

/* Begin PBXResourcesBuildPhase section */
		4ADE43431DF6874B00491005 /* Resources */ = {
			isa = PBXResourcesBuildPhase;
			buildActionMask = 2147483647;
			files = (
			);
			runOnlyForDeploymentPostprocessing = 0;
		};
		965A5F0A1BFC48D00055ACA4 /* Resources */ = {
			isa = PBXResourcesBuildPhase;
			buildActionMask = 2147483647;
			files = (
				F78AB7321DBE6DA400BB40EA /* Introduction.storyboard in Resources */,
				F7E3C5521DDB8FF700DA2696 /* outCell.xib in Resources */,
				F70D76A41DE8B9B500B721C1 /* Feedback.storyboard in Resources */,
				F78AB7341DBE6DA400BB40EA /* Main.storyboard in Resources */,
				F78EDFDC1DEDCD3D00AC1AF7 /* HowTheMealPlanWillWork.storyboard in Resources */,
				4A504E9D1DF6B79500719B0B /* UpdateController.storyboard in Resources */,
				F78AB7331DBE6DA400BB40EA /* LaunchScreen.storyboard in Resources */,
				F7E3C5561DDBC44300DA2696 /* miniTableViewCell.xib in Resources */,
				F7E3C5441DD4AF0F00DA2696 /* Bot.storyboard in Resources */,
				F78AB7441DBE6DA400BB40EA /* initalLoad.json in Resources */,
				F78AB7451DBE6DA400BB40EA /* initialLoad2.json in Resources */,
				F78AB7461DBE6DA400BB40EA /* initialLoad3.json in Resources */,
				F7FB35001DC95F0B00CAB6B7 /* TrackingUsersProgress.storyboard in Resources */,
				F7E3C5461DD4AF6E00DA2696 /* SearchForFood.storyboard in Resources */,
				F78AB7301DBE6DA400BB40EA /* Assets.xcassets in Resources */,
				F78AB74B1DBE6DA400BB40EA /* Media.xcassets in Resources */,
				F78AB7421DBE6DA400BB40EA /* IconImages.xcassets in Resources */,
			);
			runOnlyForDeploymentPostprocessing = 0;
		};
		965A5F2B1BFC48D00055ACA4 /* Resources */ = {
			isa = PBXResourcesBuildPhase;
			buildActionMask = 2147483647;
			files = (
			);
			runOnlyForDeploymentPostprocessing = 0;
		};
/* End PBXResourcesBuildPhase section */

/* Begin PBXShellScriptBuildPhase section */
		1E54BFD686195CEAC9B0046C /* [CP] Copy Pods Resources */ = {
			isa = PBXShellScriptBuildPhase;
			buildActionMask = 2147483647;
			files = (
			);
			inputPaths = (
			);
			name = "[CP] Copy Pods Resources";
			outputPaths = (
			);
			runOnlyForDeploymentPostprocessing = 0;
			shellPath = /bin/sh;
			shellScript = "\"${SRCROOT}/Pods/Target Support Files/Pods-MealPlan/Pods-MealPlan-resources.sh\"\n";
			showEnvVarsInLog = 0;
		};
		37807A0D4AA3D0790AD708C1 /* [CP] Check Pods Manifest.lock */ = {
			isa = PBXShellScriptBuildPhase;
			buildActionMask = 2147483647;
			files = (
			);
			inputPaths = (
			);
			name = "[CP] Check Pods Manifest.lock";
			outputPaths = (
			);
			runOnlyForDeploymentPostprocessing = 0;
			shellPath = /bin/sh;
			shellScript = "diff \"${PODS_ROOT}/../Podfile.lock\" \"${PODS_ROOT}/Manifest.lock\" > /dev/null\nif [[ $? != 0 ]] ; then\n    cat << EOM\nerror: The sandbox is not in sync with the Podfile.lock. Run 'pod install' or update your CocoaPods installation.\nEOM\n    exit 1\nfi\n";
			showEnvVarsInLog = 0;
		};
		81EA1B8EB40CEC8CFF9FD74A /* [CP] Check Pods Manifest.lock */ = {
			isa = PBXShellScriptBuildPhase;
			buildActionMask = 2147483647;
			files = (
			);
			inputPaths = (
			);
			name = "[CP] Check Pods Manifest.lock";
			outputPaths = (
			);
			runOnlyForDeploymentPostprocessing = 0;
			shellPath = /bin/sh;
			shellScript = "diff \"${PODS_ROOT}/../Podfile.lock\" \"${PODS_ROOT}/Manifest.lock\" > /dev/null\nif [[ $? != 0 ]] ; then\n    cat << EOM\nerror: The sandbox is not in sync with the Podfile.lock. Run 'pod install' or update your CocoaPods installation.\nEOM\n    exit 1\nfi\n";
			showEnvVarsInLog = 0;
		};
		9BF898B43B2EDD0A98545BD1 /* [CP] Embed Pods Frameworks */ = {
			isa = PBXShellScriptBuildPhase;
			buildActionMask = 2147483647;
			files = (
			);
			inputPaths = (
			);
			name = "[CP] Embed Pods Frameworks";
			outputPaths = (
			);
			runOnlyForDeploymentPostprocessing = 0;
			shellPath = /bin/sh;
			shellScript = "\"${SRCROOT}/Pods/Target Support Files/Pods-MealPlanTests/Pods-MealPlanTests-frameworks.sh\"\n";
			showEnvVarsInLog = 0;
		};
		DD99201E2E14F39E9F58490C /* [CP] Copy Pods Resources */ = {
			isa = PBXShellScriptBuildPhase;
			buildActionMask = 2147483647;
			files = (
			);
			inputPaths = (
			);
			name = "[CP] Copy Pods Resources";
			outputPaths = (
			);
			runOnlyForDeploymentPostprocessing = 0;
			shellPath = /bin/sh;
			shellScript = "\"${SRCROOT}/Pods/Target Support Files/Pods-MealPlanTests/Pods-MealPlanTests-resources.sh\"\n";
			showEnvVarsInLog = 0;
		};
		F396C75EAE284DEAD7624BB3 /* [CP] Embed Pods Frameworks */ = {
			isa = PBXShellScriptBuildPhase;
			buildActionMask = 2147483647;
			files = (
			);
			inputPaths = (
			);
			name = "[CP] Embed Pods Frameworks";
			outputPaths = (
			);
			runOnlyForDeploymentPostprocessing = 0;
			shellPath = /bin/sh;
			shellScript = "\"${SRCROOT}/Pods/Target Support Files/Pods-MealPlan/Pods-MealPlan-frameworks.sh\"\n";
			showEnvVarsInLog = 0;
		};
		F723B4271DBE646100CD2E31 /* ShellScript */ = {
			isa = PBXShellScriptBuildPhase;
			buildActionMask = 2147483647;
			files = (
			);
			inputPaths = (
			);
			outputPaths = (
			);
			runOnlyForDeploymentPostprocessing = 0;
			shellPath = /bin/sh;
			shellScript = "\"${PODS_ROOT}/Fabric/run\" f5eff2c24a75618116596e42978ae0c39ea3162d e724006178a93171d9374badfa4ab915ef565e22c9aded2e3b678dd967fc2688";
		};
/* End PBXShellScriptBuildPhase section */

/* Begin PBXSourcesBuildPhase section */
		4ADE43411DF6874B00491005 /* Sources */ = {
			isa = PBXSourcesBuildPhase;
			buildActionMask = 2147483647;
			files = (
				4ADE43481DF6874B00491005 /* MealPlanTests.swift in Sources */,
				F41E48A11DF9439300421CEC /* ProfileTests.swift in Sources */,
			);
			runOnlyForDeploymentPostprocessing = 0;
		};
		965A5F081BFC48D00055ACA4 /* Sources */ = {
			isa = PBXSourcesBuildPhase;
			buildActionMask = 2147483647;
			files = (
				F7E3C5501DDB897D00DA2696 /* outCells.swift in Sources */,
				F78AB7611DBE6DA400BB40EA /* PayemtControllerImageTableViewCell.swift in Sources */,
				F78AB7581DBE6DA400BB40EA /* Profile.swift in Sources */,
				F78AB7401DBE6DA400BB40EA /* FoodSearchViewController.swift in Sources */,
				F78AB7681DBE6DA400BB40EA /* Step2ViewController.swift in Sources */,
				F78AB72D1DBE6DA400BB40EA /* ActivityLevelViewController.swift in Sources */,
				F7C480491DBFF37B00572706 /* Deletion.swift in Sources */,
				F7E3C5551DDBC44300DA2696 /* miniTableViewCell.swift in Sources */,
				F78AB7691DBE6DA400BB40EA /* Step3TableViewCell.swift in Sources */,
				F78AB7361DBE6DA400BB40EA /* CaloriesTableViewCell.swift in Sources */,
				F78AB73A1DBE6DA400BB40EA /* ContactUsViewController.swift in Sources */,
				F78AB76A1DBE6DA400BB40EA /* Step3ViewController.swift in Sources */,
				F78AB72C1DBE6DA400BB40EA /* AboutUsViewController.swift in Sources */,
				F78EDFE01DEDDCD000AC1AF7 /* SetUpMealPlan.swift in Sources */,
				F78AB7391DBE6DA400BB40EA /* Constants.swift in Sources */,
				F78AB7561DBE6DA400BB40EA /* Macronutrient.swift in Sources */,
				4A504E9B1DF6A9D400719B0B /* UpdateController.swift in Sources */,
				F78AB75E1DBE6DA400BB40EA /* Network.swift in Sources */,
				F746AE481DE7609800076B53 /* BotDelegate.swift in Sources */,
				F7E3C54E1DDA3A7E00DA2696 /* customBotMessage.swift in Sources */,
				F78AB7641DBE6DA400BB40EA /* MultiTag.swift in Sources */,
				F78AB74D1DBE6DA400BB40EA /* DailyMealPlan.swift in Sources */,
				F78AB73C1DBE6DA400BB40EA /* MealPlanAlgorithm+methods.swift in Sources */,
				F78AB7621DBE6DA400BB40EA /* AKPickerView.swift in Sources */,
				F78AB75A1DBE6DA400BB40EA /* User.swift in Sources */,
				F78AB7521DBE6DA400BB40EA /* FoodItem.swift in Sources */,
				F78AB7471DBE6DA400BB40EA /* LastWeekViewController.swift in Sources */,
				F78AB74F1DBE6DA400BB40EA /* DietSuitability.swift in Sources */,
				F78AB7631DBE6DA400BB40EA /* DragToTable.swift in Sources */,
				F78AB7571DBE6DA400BB40EA /* Meal.swift in Sources */,
				F7E3C55C1DDE4B7C00DA2696 /* tb.swift in Sources */,
				F78AB73B1DBE6DA400BB40EA /* createMealPlan.swift in Sources */,
				F78AB75B1DBE6DA400BB40EA /* Week.swift in Sources */,
				F78AB7381DBE6DA400BB40EA /* Config.swift in Sources */,
				F7E3C55E1DE5F6EF00DA2696 /* String+Size.swift in Sources */,
				F78AB73D1DBE6DA400BB40EA /* MealPlanAlgorithm.swift in Sources */,
				F78AB72F1DBE6DA400BB40EA /* ArrayExtension.swift in Sources */,
				F7FE00151DE70CDE00F43BB7 /* OutgoingCellDelegate.swift in Sources */,
				F78AB7601DBE6DA400BB40EA /* PayemtAddsTableViewCell.swift in Sources */,
				F7C4804B1DBFFB0000572706 /* RealmString.swift in Sources */,
				F78AB7531DBE6DA400BB40EA /* FoodsDisliked.swift in Sources */,
				F78AB75D1DBE6DA400BB40EA /* Connect.swift in Sources */,
				F78AB73E1DBE6DA400BB40EA /* DetailViewController.swift in Sources */,
				F78AB74A1DBE6DA400BB40EA /* MPTableViewCell.swift in Sources */,
				F78AB7481DBE6DA400BB40EA /* ListViewController.swift in Sources */,
				F7E3C5581DDCB3EB00DA2696 /* CustomCollectionViewFlowLayout.swift in Sources */,
				F78AB7351DBE6DA400BB40EA /* bkgrd.swift in Sources */,
				F78AB7501DBE6DA400BB40EA /* FeedBack.swift in Sources */,
				F75297761DC9624E009BD0B9 /* UsersProgressMaster.swift in Sources */,
				F78AB7371DBE6DA400BB40EA /* CaloriesViewController.swift in Sources */,
				F78EDFDE1DEDCE2200AC1AF7 /* HowTheMealPlanWillWork.swift in Sources */,
				F78AB7551DBE6DA400BB40EA /* FoodType.swift in Sources */,
				F78AB74C1DBE6DA400BB40EA /* Biographical.swift in Sources */,
				F78AB75C1DBE6DA400BB40EA /* mpButton.swift in Sources */,
				F7E3C5421DD2225E00DA2696 /* BotController.swift in Sources */,
				F78AB76C1DBE6DA400BB40EA /* Step4ViewController.swift in Sources */,
				F78AB7541DBE6DA400BB40EA /* FoodsLiked.swift in Sources */,
				F78AB75F1DBE6DA400BB40EA /* PageItemController.swift in Sources */,
				F78AB76B1DBE6DA400BB40EA /* Step4TableViewCell.swift in Sources */,
				F78AB7651DBE6DA400BB40EA /* PremiumPlanViewController.swift in Sources */,
				F78AB72E1DBE6DA400BB40EA /* AppDelegate.swift in Sources */,
				F78AB76E1DBE6DA400BB40EA /* Util.swift in Sources */,
				F78AB76F1DBE6DA400BB40EA /* ViewController.swift in Sources */,
				F78AB7661DBE6DA400BB40EA /* settings.swift in Sources */,
				F78AB7671DBE6DA400BB40EA /* Step1ViewController.swift in Sources */,
				F78AB7511DBE6DA400BB40EA /* Food.swift in Sources */,
				F78AB73F1DBE6DA400BB40EA /* FoodListTableViewCell.swift in Sources */,
				F78AB74E1DBE6DA400BB40EA /* DataHandler.swift in Sources */,
				F78AB7411DBE6DA400BB40EA /* Height&WeightListViewController.swift in Sources */,
				F78AB7591DBE6DA400BB40EA /* ServingSize.swift in Sources */,
				F78AB7491DBE6DA400BB40EA /* MealPlanViewController.swift in Sources */,
			);
			runOnlyForDeploymentPostprocessing = 0;
		};
		965A5F291BFC48D00055ACA4 /* Sources */ = {
			isa = PBXSourcesBuildPhase;
			buildActionMask = 2147483647;
			files = (
			);
			runOnlyForDeploymentPostprocessing = 0;
		};
/* End PBXSourcesBuildPhase section */

/* Begin PBXTargetDependency section */
		4ADE434B1DF6874B00491005 /* PBXTargetDependency */ = {
			isa = PBXTargetDependency;
			target = 965A5F0B1BFC48D00055ACA4 /* MealPlan */;
			targetProxy = 4ADE434A1DF6874B00491005 /* PBXContainerItemProxy */;
		};
		965A5F2F1BFC48D00055ACA4 /* PBXTargetDependency */ = {
			isa = PBXTargetDependency;
			target = 965A5F0B1BFC48D00055ACA4 /* MealPlan */;
			targetProxy = 965A5F2E1BFC48D00055ACA4 /* PBXContainerItemProxy */;
		};
/* End PBXTargetDependency section */

/* Begin PBXVariantGroup section */
		F78AB6E71DBE6DA400BB40EA /* Introduction.storyboard */ = {
			isa = PBXVariantGroup;
			children = (
				F78AB6E81DBE6DA400BB40EA /* Base */,
			);
			name = Introduction.storyboard;
			sourceTree = "<group>";
		};
		F78AB6E91DBE6DA400BB40EA /* LaunchScreen.storyboard */ = {
			isa = PBXVariantGroup;
			children = (
				F78AB6EA1DBE6DA400BB40EA /* Base */,
			);
			name = LaunchScreen.storyboard;
			sourceTree = "<group>";
		};
		F78AB6EB1DBE6DA400BB40EA /* Main.storyboard */ = {
			isa = PBXVariantGroup;
			children = (
				F78AB6EC1DBE6DA400BB40EA /* Base */,
			);
			name = Main.storyboard;
			sourceTree = "<group>";
		};
/* End PBXVariantGroup section */

/* Begin XCBuildConfiguration section */
		4ADE434D1DF6874B00491005 /* Debug */ = {
			isa = XCBuildConfiguration;
			baseConfigurationReference = 9C7F0F67D0C29C6F82F01118 /* Pods-MealPlanTests.debug.xcconfig */;
			buildSettings = {
				BUNDLE_LOADER = "$(TEST_HOST)";
				CLANG_ANALYZER_NONNULL = YES;
				CLANG_WARN_DOCUMENTATION_COMMENTS = YES;
				CLANG_WARN_SUSPICIOUS_MOVES = YES;
				DEVELOPMENT_TEAM = YP6WP7PU57;
				INFOPLIST_FILE = MealPlanTests/Info.plist;
				IPHONEOS_DEPLOYMENT_TARGET = 10.1;
				LD_RUNPATH_SEARCH_PATHS = "$(inherited) @executable_path/Frameworks @loader_path/Frameworks";
				PRODUCT_BUNDLE_IDENTIFIER = com.meals.mealsplan.MealPlanTests;
				PRODUCT_NAME = "$(TARGET_NAME)";
				SWIFT_ACTIVE_COMPILATION_CONDITIONS = DEBUG;
				SWIFT_OBJC_BRIDGING_HEADER = "MealPlan/MealPlan-Bridging-Header.h";
				SWIFT_VERSION = 3.0;
				TEST_HOST = "$(BUILT_PRODUCTS_DIR)/MealPlan.app/MealPlan";
			};
			name = Debug;
		};
		4ADE434E1DF6874B00491005 /* Release */ = {
			isa = XCBuildConfiguration;
			baseConfigurationReference = 371C4A5106D13B51256EE33E /* Pods-MealPlanTests.release.xcconfig */;
			buildSettings = {
				BUNDLE_LOADER = "$(TEST_HOST)";
				CLANG_ANALYZER_NONNULL = YES;
				CLANG_WARN_DOCUMENTATION_COMMENTS = YES;
				CLANG_WARN_SUSPICIOUS_MOVES = YES;
				DEVELOPMENT_TEAM = YP6WP7PU57;
				INFOPLIST_FILE = MealPlanTests/Info.plist;
				IPHONEOS_DEPLOYMENT_TARGET = 10.1;
				LD_RUNPATH_SEARCH_PATHS = "$(inherited) @executable_path/Frameworks @loader_path/Frameworks";
				PRODUCT_BUNDLE_IDENTIFIER = com.meals.mealsplan.MealPlanTests;
				PRODUCT_NAME = "$(TARGET_NAME)";
				SWIFT_OBJC_BRIDGING_HEADER = "MealPlan/MealPlan-Bridging-Header.h";
				SWIFT_VERSION = 3.0;
				TEST_HOST = "$(BUILT_PRODUCTS_DIR)/MealPlan.app/MealPlan";
			};
			name = Release;
		};
		965A5F341BFC48D00055ACA4 /* Debug */ = {
			isa = XCBuildConfiguration;
			buildSettings = {
				ALWAYS_SEARCH_USER_PATHS = NO;
				CLANG_CXX_LANGUAGE_STANDARD = "gnu++0x";
				CLANG_CXX_LIBRARY = "libc++";
				CLANG_ENABLE_MODULES = YES;
				CLANG_ENABLE_OBJC_ARC = YES;
				CLANG_WARN_BOOL_CONVERSION = YES;
				CLANG_WARN_CONSTANT_CONVERSION = YES;
				CLANG_WARN_DIRECT_OBJC_ISA_USAGE = YES_ERROR;
				CLANG_WARN_EMPTY_BODY = YES;
				CLANG_WARN_ENUM_CONVERSION = YES;
				CLANG_WARN_INFINITE_RECURSION = YES;
				CLANG_WARN_INT_CONVERSION = YES;
				CLANG_WARN_OBJC_ROOT_CLASS = YES_ERROR;
				CLANG_WARN_SUSPICIOUS_MOVE = YES;
				CLANG_WARN_UNREACHABLE_CODE = YES;
				CLANG_WARN__DUPLICATE_METHOD_MATCH = YES;
				CODE_SIGN_IDENTITY = "iPhone Developer";
				"CODE_SIGN_IDENTITY[sdk=iphoneos*]" = "iPhone Developer";
				COPY_PHASE_STRIP = NO;
				DEBUG_INFORMATION_FORMAT = dwarf;
				ENABLE_BITCODE = NO;
				ENABLE_STRICT_OBJC_MSGSEND = YES;
				ENABLE_TESTABILITY = YES;
				GCC_C_LANGUAGE_STANDARD = gnu99;
				GCC_DYNAMIC_NO_PIC = NO;
				GCC_NO_COMMON_BLOCKS = YES;
				GCC_OPTIMIZATION_LEVEL = 0;
				GCC_PREPROCESSOR_DEFINITIONS = (
					"DEBUG=1",
					"$(inherited)",
				);
				GCC_WARN_64_TO_32_BIT_CONVERSION = YES;
				GCC_WARN_ABOUT_RETURN_TYPE = YES_ERROR;
				GCC_WARN_UNDECLARED_SELECTOR = YES;
				GCC_WARN_UNINITIALIZED_AUTOS = YES_AGGRESSIVE;
				GCC_WARN_UNUSED_FUNCTION = YES;
				GCC_WARN_UNUSED_VARIABLE = YES;
				IPHONEOS_DEPLOYMENT_TARGET = 9.1;
				MTL_ENABLE_DEBUG_INFO = YES;
				ONLY_ACTIVE_ARCH = YES;
				SDKROOT = iphoneos;
				SWIFT_OBJC_BRIDGING_HEADER = "MealPlan/MealPlan-Bridging-Header.h ";
				SWIFT_OPTIMIZATION_LEVEL = "-Onone";
				TARGETED_DEVICE_FAMILY = 1;
			};
			name = Debug;
		};
		965A5F351BFC48D00055ACA4 /* Release */ = {
			isa = XCBuildConfiguration;
			buildSettings = {
				ALWAYS_SEARCH_USER_PATHS = NO;
				CLANG_CXX_LANGUAGE_STANDARD = "gnu++0x";
				CLANG_CXX_LIBRARY = "libc++";
				CLANG_ENABLE_MODULES = YES;
				CLANG_ENABLE_OBJC_ARC = YES;
				CLANG_WARN_BOOL_CONVERSION = YES;
				CLANG_WARN_CONSTANT_CONVERSION = YES;
				CLANG_WARN_DIRECT_OBJC_ISA_USAGE = YES_ERROR;
				CLANG_WARN_EMPTY_BODY = YES;
				CLANG_WARN_ENUM_CONVERSION = YES;
				CLANG_WARN_INFINITE_RECURSION = YES;
				CLANG_WARN_INT_CONVERSION = YES;
				CLANG_WARN_OBJC_ROOT_CLASS = YES_ERROR;
				CLANG_WARN_SUSPICIOUS_MOVE = YES;
				CLANG_WARN_UNREACHABLE_CODE = YES;
				CLANG_WARN__DUPLICATE_METHOD_MATCH = YES;
				CODE_SIGN_IDENTITY = "iPhone Developer";
				"CODE_SIGN_IDENTITY[sdk=iphoneos*]" = "iPhone Developer";
				COPY_PHASE_STRIP = NO;
				DEBUG_INFORMATION_FORMAT = "dwarf-with-dsym";
				ENABLE_BITCODE = NO;
				ENABLE_NS_ASSERTIONS = NO;
				ENABLE_STRICT_OBJC_MSGSEND = YES;
				GCC_C_LANGUAGE_STANDARD = gnu99;
				GCC_NO_COMMON_BLOCKS = YES;
				GCC_WARN_64_TO_32_BIT_CONVERSION = YES;
				GCC_WARN_ABOUT_RETURN_TYPE = YES_ERROR;
				GCC_WARN_UNDECLARED_SELECTOR = YES;
				GCC_WARN_UNINITIALIZED_AUTOS = YES_AGGRESSIVE;
				GCC_WARN_UNUSED_FUNCTION = YES;
				GCC_WARN_UNUSED_VARIABLE = YES;
				IPHONEOS_DEPLOYMENT_TARGET = 9.1;
				MTL_ENABLE_DEBUG_INFO = NO;
				SDKROOT = iphoneos;
				SWIFT_OBJC_BRIDGING_HEADER = "MealPlan/MealPlan-Bridging-Header.h ";
				SWIFT_OPTIMIZATION_LEVEL = "-Owholemodule";
				TARGETED_DEVICE_FAMILY = 1;
				VALIDATE_PRODUCT = YES;
			};
			name = Release;
		};
		965A5F371BFC48D00055ACA4 /* Debug */ = {
			isa = XCBuildConfiguration;
			baseConfigurationReference = A32A5CC299F1EFF620522F7D /* Pods-MealPlan.debug.xcconfig */;
			buildSettings = {
				ASSETCATALOG_COMPILER_APPICON_NAME = AppIcon;
				CLANG_ENABLE_MODULES = YES;
				CODE_SIGN_IDENTITY = "iPhone Distribution: Leon Johnson (644582FWFB)";
				"CODE_SIGN_IDENTITY[sdk=iphoneos*]" = "iPhone Distribution: Leon Johnson (644582FWFB)";
				DEVELOPMENT_TEAM = 644582FWFB;
				INFOPLIST_FILE = MealPlan/Info.plist;
				IPHONEOS_DEPLOYMENT_TARGET = 10.0;
				LD_RUNPATH_SEARCH_PATHS = "$(inherited) @executable_path/Frameworks";
				PRODUCT_BUNDLE_IDENTIFIER = com.meals.MealPlan;
				PRODUCT_NAME = "$(TARGET_NAME)";
				PROVISIONING_PROFILE = "33c95294-a3c4-424e-976f-009f209cae3d";
				PROVISIONING_PROFILE_SPECIFIER = YearsFromNowSolo;
				SWIFT_OBJC_BRIDGING_HEADER = "MealPlan-Bridging-Header.h";
				"SWIFT_OBJC_BRIDGING_HEADER[arch=*]" = "JSQ-Bridging-Header.h";
				SWIFT_OPTIMIZATION_LEVEL = "-Onone";
				SWIFT_VERSION = 3.0;
				TARGETED_DEVICE_FAMILY = 1;
			};
			name = Debug;
		};
		965A5F381BFC48D00055ACA4 /* Release */ = {
			isa = XCBuildConfiguration;
			baseConfigurationReference = 6952D5C7C5EFD70A469C638C /* Pods-MealPlan.release.xcconfig */;
			buildSettings = {
				ASSETCATALOG_COMPILER_APPICON_NAME = AppIcon;
				CLANG_ENABLE_MODULES = YES;
				CODE_SIGN_IDENTITY = "iPhone Distribution: Leon Johnson (644582FWFB)";
				"CODE_SIGN_IDENTITY[sdk=iphoneos*]" = "iPhone Distribution: Leon Johnson (644582FWFB)";
				DEVELOPMENT_TEAM = 644582FWFB;
				INFOPLIST_FILE = MealPlan/Info.plist;
				IPHONEOS_DEPLOYMENT_TARGET = 10.0;
				LD_RUNPATH_SEARCH_PATHS = "$(inherited) @executable_path/Frameworks";
				PRODUCT_BUNDLE_IDENTIFIER = com.meals.MealPlan;
				PRODUCT_NAME = "$(TARGET_NAME)";
				PROVISIONING_PROFILE = "33c95294-a3c4-424e-976f-009f209cae3d";
				PROVISIONING_PROFILE_SPECIFIER = YearsFromNowSolo;
				SWIFT_OBJC_BRIDGING_HEADER = "MealPlan-Bridging-Header.h";
				"SWIFT_OBJC_BRIDGING_HEADER[arch=*]" = "JSQ-Bridging-Header.h";
				SWIFT_VERSION = 3.0;
				TARGETED_DEVICE_FAMILY = 1;
			};
			name = Release;
		};
		965A5F3D1BFC48D00055ACA4 /* Debug */ = {
			isa = XCBuildConfiguration;
			buildSettings = {
				INFOPLIST_FILE = MealPlanUITests/Info.plist;
				LD_RUNPATH_SEARCH_PATHS = "$(inherited) @executable_path/Frameworks @loader_path/Frameworks";
				PRODUCT_BUNDLE_IDENTIFIER = com.meals.DailyMealsUITests;
				PRODUCT_NAME = MealPlanTests;
				SWIFT_OBJC_BRIDGING_HEADER = "MealPlan/MealPlan-Bridging-Header.h";
				SWIFT_VERSION = 3.0;
				TEST_TARGET_NAME = DailyMeals;
				USES_XCTRUNNER = YES;
			};
			name = Debug;
		};
		965A5F3E1BFC48D00055ACA4 /* Release */ = {
			isa = XCBuildConfiguration;
			buildSettings = {
				INFOPLIST_FILE = MealPlanUITests/Info.plist;
				LD_RUNPATH_SEARCH_PATHS = "$(inherited) @executable_path/Frameworks @loader_path/Frameworks";
				PRODUCT_BUNDLE_IDENTIFIER = com.meals.DailyMealsUITests;
				PRODUCT_NAME = MealPlanTests;
				SWIFT_OBJC_BRIDGING_HEADER = "MealPlan/MealPlan-Bridging-Header.h";
				SWIFT_VERSION = 3.0;
				TEST_TARGET_NAME = DailyMeals;
				USES_XCTRUNNER = YES;
			};
			name = Release;
		};
/* End XCBuildConfiguration section */

/* Begin XCConfigurationList section */
		4ADE434C1DF6874B00491005 /* Build configuration list for PBXNativeTarget "MealPlanTests" */ = {
			isa = XCConfigurationList;
			buildConfigurations = (
				4ADE434D1DF6874B00491005 /* Debug */,
				4ADE434E1DF6874B00491005 /* Release */,
			);
			defaultConfigurationIsVisible = 0;
			defaultConfigurationName = Release;
		};
		965A5F071BFC48CF0055ACA4 /* Build configuration list for PBXProject "MealPlan" */ = {
			isa = XCConfigurationList;
			buildConfigurations = (
				965A5F341BFC48D00055ACA4 /* Debug */,
				965A5F351BFC48D00055ACA4 /* Release */,
			);
			defaultConfigurationIsVisible = 0;
			defaultConfigurationName = Release;
		};
		965A5F361BFC48D00055ACA4 /* Build configuration list for PBXNativeTarget "MealPlan" */ = {
			isa = XCConfigurationList;
			buildConfigurations = (
				965A5F371BFC48D00055ACA4 /* Debug */,
				965A5F381BFC48D00055ACA4 /* Release */,
			);
			defaultConfigurationIsVisible = 0;
			defaultConfigurationName = Release;
		};
		965A5F3C1BFC48D00055ACA4 /* Build configuration list for PBXNativeTarget "MealPlanUITests" */ = {
			isa = XCConfigurationList;
			buildConfigurations = (
				965A5F3D1BFC48D00055ACA4 /* Debug */,
				965A5F3E1BFC48D00055ACA4 /* Release */,
			);
			defaultConfigurationIsVisible = 0;
			defaultConfigurationName = Release;
		};
/* End XCConfigurationList section */
	};
	rootObject = 965A5F041BFC48CF0055ACA4 /* Project object */;
}
