// !$*UTF8*$!
{
	archiveVersion = 1;
	classes = {
	};
	objectVersion = 46;
	objects = {

/* Begin PBXBuildFile section */
		960A991F1CB66D250048A868 /* DragToTable.swift in Sources */ = {isa = PBXBuildFile; fileRef = 960A991E1CB66D250048A868 /* DragToTable.swift */; };
		960B863C1CB4E70900F731FE /* MultiTag.swift in Sources */ = {isa = PBXBuildFile; fileRef = 960B863B1CB4E70900F731FE /* MultiTag.swift */; };
		960E4E171C8EE6970002C35E /* PageItemController.swift in Sources */ = {isa = PBXBuildFile; fileRef = 960E4E161C8EE6970002C35E /* PageItemController.swift */; };
		960E4E201C8F03040002C35E /* ViewController.swift in Sources */ = {isa = PBXBuildFile; fileRef = 960E4E1F1C8F03040002C35E /* ViewController.swift */; };
		960FF7ED1CC4C1B5006EA1A3 /* Connect.swift in Sources */ = {isa = PBXBuildFile; fileRef = 960FF7EC1CC4C1B5006EA1A3 /* Connect.swift */; };
		961D8A7F1CFD86F8006B6FA4 /* TabBarController.swift in Sources */ = {isa = PBXBuildFile; fileRef = 961D8A7E1CFD86F8006B6FA4 /* TabBarController.swift */; };
		9626D4431CB3D7750094A0C8 /* Network.swift in Sources */ = {isa = PBXBuildFile; fileRef = 9626D4421CB3D7750094A0C8 /* Network.swift */; };
		9626D4461CB3D9400094A0C8 /* Constants.swift in Sources */ = {isa = PBXBuildFile; fileRef = 9626D4451CB3D9400094A0C8 /* Constants.swift */; };
		9626D4481CB3D9590094A0C8 /* Config.swift in Sources */ = {isa = PBXBuildFile; fileRef = 9626D4471CB3D9590094A0C8 /* Config.swift */; };
		9629FD521D00707000E05E2A /* Util.swift in Sources */ = {isa = PBXBuildFile; fileRef = 9629FD511D00707000E05E2A /* Util.swift */; };
		9634C1981CB39F38003903A3 /* Step4ViewController.swift in Sources */ = {isa = PBXBuildFile; fileRef = 96FAD2D41C96CD0C006AF9FB /* Step4ViewController.swift */; };
		9636EC881D05548200D822E1 /* initalLoad.json in Resources */ = {isa = PBXBuildFile; fileRef = 9636EC871D05548200D822E1 /* initalLoad.json */; };
		963B7FD01CF7024100E3523A /* settings.swift in Sources */ = {isa = PBXBuildFile; fileRef = 963B7FCF1CF7024100E3523A /* settings.swift */; };
		9641C7271CB2544B004A01C0 /* AKPickerView.swift in Sources */ = {isa = PBXBuildFile; fileRef = 9641C7261CB2544B004A01C0 /* AKPickerView.swift */; };
		965A5F101BFC48D00055ACA4 /* AppDelegate.swift in Sources */ = {isa = PBXBuildFile; fileRef = 965A5F0F1BFC48D00055ACA4 /* AppDelegate.swift */; };
		965A5F141BFC48D00055ACA4 /* DetailViewController.swift in Sources */ = {isa = PBXBuildFile; fileRef = 965A5F131BFC48D00055ACA4 /* DetailViewController.swift */; };
		965A5F171BFC48D00055ACA4 /* Main.storyboard in Resources */ = {isa = PBXBuildFile; fileRef = 965A5F151BFC48D00055ACA4 /* Main.storyboard */; };
		965A5F191BFC48D00055ACA4 /* Assets.xcassets in Resources */ = {isa = PBXBuildFile; fileRef = 965A5F181BFC48D00055ACA4 /* Assets.xcassets */; };
		965A5F1C1BFC48D00055ACA4 /* LaunchScreen.storyboard in Resources */ = {isa = PBXBuildFile; fileRef = 965A5F1A1BFC48D00055ACA4 /* LaunchScreen.storyboard */; };
		965A5F321BFC48D00055ACA4 /* DailyMealsUITests.swift in Sources */ = {isa = PBXBuildFile; fileRef = 965A5F311BFC48D00055ACA4 /* DailyMealsUITests.swift */; };
		965A5F401BFC49ED0055ACA4 /* ListViewController.swift in Sources */ = {isa = PBXBuildFile; fileRef = 965A5F3F1BFC49ED0055ACA4 /* ListViewController.swift */; };
		965A5F421BFC573B0055ACA4 /* DataStructure.swift in Sources */ = {isa = PBXBuildFile; fileRef = 965A5F411BFC573B0055ACA4 /* DataStructure.swift */; };
		965A5F441BFC809D0055ACA4 /* Media.xcassets in Resources */ = {isa = PBXBuildFile; fileRef = 965A5F431BFC809D0055ACA4 /* Media.xcassets */; };
		96A9A8AB1CBB8B0B0057BE5A /* PayemtControllerImageTableViewCell.swift in Sources */ = {isa = PBXBuildFile; fileRef = 96A9A8AA1CBB8B0B0057BE5A /* PayemtControllerImageTableViewCell.swift */; };
		96A9A8AD1CBB8B250057BE5A /* PayemtAddsTableViewCell.swift in Sources */ = {isa = PBXBuildFile; fileRef = 96A9A8AC1CBB8B250057BE5A /* PayemtAddsTableViewCell.swift */; };
		96C834A71C9A91DF00C1CD4E /* Step3TableViewCell.swift in Sources */ = {isa = PBXBuildFile; fileRef = 96C834A61C9A91DF00C1CD4E /* Step3TableViewCell.swift */; };
		96C834A91C9A91F700C1CD4E /* Step4TableViewCell.swift in Sources */ = {isa = PBXBuildFile; fileRef = 96C834A81C9A91F700C1CD4E /* Step4TableViewCell.swift */; };
		96C834AB1C9AB88900C1CD4E /* CaloriesViewController.swift in Sources */ = {isa = PBXBuildFile; fileRef = 96C834AA1C9AB88900C1CD4E /* CaloriesViewController.swift */; };
		96C834AD1C9AB8D500C1CD4E /* CaloriesTableViewCell.swift in Sources */ = {isa = PBXBuildFile; fileRef = 96C834AC1C9AB8D500C1CD4E /* CaloriesTableViewCell.swift */; };
		96C834AF1C9AC54B00C1CD4E /* FoodSearchViewController.swift in Sources */ = {isa = PBXBuildFile; fileRef = 96C834AE1C9AC54B00C1CD4E /* FoodSearchViewController.swift */; };
		96FAD2D11C969E1A006AF9FB /* Step2ViewController.swift in Sources */ = {isa = PBXBuildFile; fileRef = 96FAD2D01C969E1A006AF9FB /* Step2ViewController.swift */; };
		96FAD2D31C96C660006AF9FB /* Step3ViewController.swift in Sources */ = {isa = PBXBuildFile; fileRef = 96FAD2D21C96C660006AF9FB /* Step3ViewController.swift */; };
		96FAD2D51C96CD0C006AF9FB /* Step4ViewController.swift in Sources */ = {isa = PBXBuildFile; fileRef = 96FAD2D41C96CD0C006AF9FB /* Step4ViewController.swift */; };
		96FAD2D81C96E37D006AF9FB /* ContactUsViewController.swift in Sources */ = {isa = PBXBuildFile; fileRef = 96FAD2D71C96E37D006AF9FB /* ContactUsViewController.swift */; };
		96FAD2DA1C96E939006AF9FB /* AboutUsViewController.swift in Sources */ = {isa = PBXBuildFile; fileRef = 96FAD2D91C96E939006AF9FB /* AboutUsViewController.swift */; };
		96FB5AB11C9198D500DA99EA /* Step1ViewController.swift in Sources */ = {isa = PBXBuildFile; fileRef = 96FB5AB01C9198D500DA99EA /* Step1ViewController.swift */; };
		96FB5AB51C92954B00DA99EA /* IconImages.xcassets in Resources */ = {isa = PBXBuildFile; fileRef = 96FB5AB41C92954B00DA99EA /* IconImages.xcassets */; };
		96FBA6E51C99279E0080D74D /* Height&WeightListViewController.swift in Sources */ = {isa = PBXBuildFile; fileRef = 96FBA6E41C99279E0080D74D /* Height&WeightListViewController.swift */; };
		96FBA6E71C99287B0080D74D /* ActivityLevelViewController.swift in Sources */ = {isa = PBXBuildFile; fileRef = 96FBA6E61C99287B0080D74D /* ActivityLevelViewController.swift */; };
		96FBA6ED1C9970100080D74D /* mealsPlanCellTableViewCell.swift in Sources */ = {isa = PBXBuildFile; fileRef = 96FBA6EC1C9970100080D74D /* mealsPlanCellTableViewCell.swift */; };
		96FBA6EF1C99704F0080D74D /* MealPlanViewController.swift in Sources */ = {isa = PBXBuildFile; fileRef = 96FBA6EE1C99704F0080D74D /* MealPlanViewController.swift */; };
		96FC99411C9BD706008426BA /* FoodListTableViewCell.swift in Sources */ = {isa = PBXBuildFile; fileRef = 96FC99401C9BD706008426BA /* FoodListTableViewCell.swift */; };
		96FC99451C9BE1FD008426BA /* PremiumPlanViewController.swift in Sources */ = {isa = PBXBuildFile; fileRef = 96FC99441C9BE1FD008426BA /* PremiumPlanViewController.swift */; };
		96FD95621C9818D3009F318F /* LastWeekViewController.swift in Sources */ = {isa = PBXBuildFile; fileRef = 96FD95611C9818D3009F318F /* LastWeekViewController.swift */; };
		A0B756C29F47C321F1F3E5D9 /* Pods_DailyMeals.framework in Frameworks */ = {isa = PBXBuildFile; fileRef = ACFD24E8491873D32D6D5FC8 /* Pods_DailyMeals.framework */; };
		F70418661D9C434B003270C2 /* initialLoad3.json in Resources */ = {isa = PBXBuildFile; fileRef = F70418651D9C434B003270C2 /* initialLoad3.json */; };
		F7057F711D3586620017B7C9 /* bkgrd.swift in Sources */ = {isa = PBXBuildFile; fileRef = F7057F701D3586620017B7C9 /* bkgrd.swift */; };
		F713CE8B1DB62DBA00945531 /* Biographical.swift in Sources */ = {isa = PBXBuildFile; fileRef = F713CE7A1DB62DBA00945531 /* Biographical.swift */; };
		F713CE8C1DB62DBA00945531 /* DailyMealPlan.swift in Sources */ = {isa = PBXBuildFile; fileRef = F713CE7B1DB62DBA00945531 /* DailyMealPlan.swift */; };
		F713CE8D1DB62DBA00945531 /* DataHandler.swift in Sources */ = {isa = PBXBuildFile; fileRef = F713CE7C1DB62DBA00945531 /* DataHandler.swift */; };
		F713CE8E1DB62DBA00945531 /* DietSuitability.swift in Sources */ = {isa = PBXBuildFile; fileRef = F713CE7D1DB62DBA00945531 /* DietSuitability.swift */; };
		F713CE8F1DB62DBA00945531 /* FeedBack.swift in Sources */ = {isa = PBXBuildFile; fileRef = F713CE7E1DB62DBA00945531 /* FeedBack.swift */; };
		F713CE901DB62DBA00945531 /* Food.swift in Sources */ = {isa = PBXBuildFile; fileRef = F713CE7F1DB62DBA00945531 /* Food.swift */; };
		F713CE911DB62DBA00945531 /* FoodItem.swift in Sources */ = {isa = PBXBuildFile; fileRef = F713CE801DB62DBA00945531 /* FoodItem.swift */; };
		F713CE921DB62DBA00945531 /* FoodsDisliked.swift in Sources */ = {isa = PBXBuildFile; fileRef = F713CE811DB62DBA00945531 /* FoodsDisliked.swift */; };
		F713CE931DB62DBA00945531 /* FoodsLiked.swift in Sources */ = {isa = PBXBuildFile; fileRef = F713CE821DB62DBA00945531 /* FoodsLiked.swift */; };
		F713CE941DB62DBA00945531 /* FoodType.swift in Sources */ = {isa = PBXBuildFile; fileRef = F713CE831DB62DBA00945531 /* FoodType.swift */; };
		F713CE951DB62DBA00945531 /* Macronutrient.swift in Sources */ = {isa = PBXBuildFile; fileRef = F713CE841DB62DBA00945531 /* Macronutrient.swift */; };
		F713CE961DB62DBA00945531 /* Meal.swift in Sources */ = {isa = PBXBuildFile; fileRef = F713CE851DB62DBA00945531 /* Meal.swift */; };
		F713CE971DB62DBA00945531 /* Profile.swift in Sources */ = {isa = PBXBuildFile; fileRef = F713CE861DB62DBA00945531 /* Profile.swift */; };
		F713CE981DB62DBA00945531 /* ServingSize.swift in Sources */ = {isa = PBXBuildFile; fileRef = F713CE871DB62DBA00945531 /* ServingSize.swift */; };
		F713CE991DB62DBA00945531 /* User.swift in Sources */ = {isa = PBXBuildFile; fileRef = F713CE881DB62DBA00945531 /* User.swift */; };
		F713CE9A1DB62DBA00945531 /* Week.swift in Sources */ = {isa = PBXBuildFile; fileRef = F713CE891DB62DBA00945531 /* Week.swift */; };
		F713CE9C1DB62E5800945531 /* Biographical.swift in Sources */ = {isa = PBXBuildFile; fileRef = F713CE7A1DB62DBA00945531 /* Biographical.swift */; };
		F713CE9D1DB62E5800945531 /* DailyMealPlan.swift in Sources */ = {isa = PBXBuildFile; fileRef = F713CE7B1DB62DBA00945531 /* DailyMealPlan.swift */; };
		F713CE9E1DB62E5800945531 /* DataHandler.swift in Sources */ = {isa = PBXBuildFile; fileRef = F713CE7C1DB62DBA00945531 /* DataHandler.swift */; };
		F713CE9F1DB62E5800945531 /* DietSuitability.swift in Sources */ = {isa = PBXBuildFile; fileRef = F713CE7D1DB62DBA00945531 /* DietSuitability.swift */; };
		F713CEA01DB62E5800945531 /* FeedBack.swift in Sources */ = {isa = PBXBuildFile; fileRef = F713CE7E1DB62DBA00945531 /* FeedBack.swift */; };
		F713CEA11DB62E5800945531 /* Food.swift in Sources */ = {isa = PBXBuildFile; fileRef = F713CE7F1DB62DBA00945531 /* Food.swift */; };
		F713CEA21DB62E5800945531 /* FoodItem.swift in Sources */ = {isa = PBXBuildFile; fileRef = F713CE801DB62DBA00945531 /* FoodItem.swift */; };
		F713CEA31DB62E5800945531 /* FoodsDisliked.swift in Sources */ = {isa = PBXBuildFile; fileRef = F713CE811DB62DBA00945531 /* FoodsDisliked.swift */; };
		F713CEA41DB62E5800945531 /* FoodsLiked.swift in Sources */ = {isa = PBXBuildFile; fileRef = F713CE821DB62DBA00945531 /* FoodsLiked.swift */; };
		F713CEA51DB62E5800945531 /* FoodType.swift in Sources */ = {isa = PBXBuildFile; fileRef = F713CE831DB62DBA00945531 /* FoodType.swift */; };
		F713CEA61DB62E5800945531 /* Macronutrient.swift in Sources */ = {isa = PBXBuildFile; fileRef = F713CE841DB62DBA00945531 /* Macronutrient.swift */; };
		F713CEA71DB62E5800945531 /* Meal.swift in Sources */ = {isa = PBXBuildFile; fileRef = F713CE851DB62DBA00945531 /* Meal.swift */; };
		F713CEA81DB62E5800945531 /* Profile.swift in Sources */ = {isa = PBXBuildFile; fileRef = F713CE861DB62DBA00945531 /* Profile.swift */; };
		F713CEA91DB62E5800945531 /* ServingSize.swift in Sources */ = {isa = PBXBuildFile; fileRef = F713CE871DB62DBA00945531 /* ServingSize.swift */; };
		F713CEAA1DB62E5800945531 /* User.swift in Sources */ = {isa = PBXBuildFile; fileRef = F713CE881DB62DBA00945531 /* User.swift */; };
		F713CEAB1DB62E5800945531 /* Week.swift in Sources */ = {isa = PBXBuildFile; fileRef = F713CE891DB62DBA00945531 /* Week.swift */; };
		F73A6C3E1D526B25006C34F9 /* createMealPlan.swift in Sources */ = {isa = PBXBuildFile; fileRef = F73A6C3D1D526B25006C34F9 /* createMealPlan.swift */; };
		F73CB6851DA1C65000ACE506 /* mpButton.swift in Sources */ = {isa = PBXBuildFile; fileRef = F76D64A91D09901B00542C53 /* mpButton.swift */; };
		F73CB6861DA1C65000ACE506 /* AppDelegate.swift in Sources */ = {isa = PBXBuildFile; fileRef = 965A5F0F1BFC48D00055ACA4 /* AppDelegate.swift */; };
		F73CB6961DA1C65000ACE506 /* DragToTable.swift in Sources */ = {isa = PBXBuildFile; fileRef = 960A991E1CB66D250048A868 /* DragToTable.swift */; };
		F73CB6971DA1C65000ACE506 /* PageItemController.swift in Sources */ = {isa = PBXBuildFile; fileRef = 960E4E161C8EE6970002C35E /* PageItemController.swift */; };
		F73CB6981DA1C65000ACE506 /* ViewController.swift in Sources */ = {isa = PBXBuildFile; fileRef = 960E4E1F1C8F03040002C35E /* ViewController.swift */; };
		F73CB6991DA1C65000ACE506 /* PremiumPlanViewController.swift in Sources */ = {isa = PBXBuildFile; fileRef = 96FC99441C9BE1FD008426BA /* PremiumPlanViewController.swift */; };
		F73CB69A1DA1C65000ACE506 /* PayemtControllerImageTableViewCell.swift in Sources */ = {isa = PBXBuildFile; fileRef = 96A9A8AA1CBB8B0B0057BE5A /* PayemtControllerImageTableViewCell.swift */; };
		F73CB69B1DA1C65000ACE506 /* PayemtAddsTableViewCell.swift in Sources */ = {isa = PBXBuildFile; fileRef = 96A9A8AC1CBB8B250057BE5A /* PayemtAddsTableViewCell.swift */; };
		F73CB69C1DA1C65000ACE506 /* ContactUsViewController.swift in Sources */ = {isa = PBXBuildFile; fileRef = 96FAD2D71C96E37D006AF9FB /* ContactUsViewController.swift */; };
		F73CB69D1DA1C65000ACE506 /* AboutUsViewController.swift in Sources */ = {isa = PBXBuildFile; fileRef = 96FAD2D91C96E939006AF9FB /* AboutUsViewController.swift */; };
		F73CB69E1DA1C65000ACE506 /* settings.swift in Sources */ = {isa = PBXBuildFile; fileRef = 963B7FCF1CF7024100E3523A /* settings.swift */; };
		F73CB69F1DA1C65000ACE506 /* TabBarController.swift in Sources */ = {isa = PBXBuildFile; fileRef = 961D8A7E1CFD86F8006B6FA4 /* TabBarController.swift */; };
		F73CB6A01DA1C65000ACE506 /* ActivityLevelViewController.swift in Sources */ = {isa = PBXBuildFile; fileRef = 96FBA6E61C99287B0080D74D /* ActivityLevelViewController.swift */; };
		F73CB6A11DA1C65000ACE506 /* Height&WeightListViewController.swift in Sources */ = {isa = PBXBuildFile; fileRef = 96FBA6E41C99279E0080D74D /* Height&WeightListViewController.swift */; };
		F73CB6A21DA1C65000ACE506 /* Step1ViewController.swift in Sources */ = {isa = PBXBuildFile; fileRef = 96FB5AB01C9198D500DA99EA /* Step1ViewController.swift */; };
		F73CB6A31DA1C65000ACE506 /* Step2ViewController.swift in Sources */ = {isa = PBXBuildFile; fileRef = 96FAD2D01C969E1A006AF9FB /* Step2ViewController.swift */; };
		F73CB6A41DA1C65000ACE506 /* Step3ViewController.swift in Sources */ = {isa = PBXBuildFile; fileRef = 96FAD2D21C96C660006AF9FB /* Step3ViewController.swift */; };
		F73CB6A51DA1C65000ACE506 /* Step3TableViewCell.swift in Sources */ = {isa = PBXBuildFile; fileRef = 96C834A61C9A91DF00C1CD4E /* Step3TableViewCell.swift */; };
		F73CB6A61DA1C65000ACE506 /* Step4ViewController.swift in Sources */ = {isa = PBXBuildFile; fileRef = 96FAD2D41C96CD0C006AF9FB /* Step4ViewController.swift */; };
		F73CB6A71DA1C65000ACE506 /* ArrayExtension.swift in Sources */ = {isa = PBXBuildFile; fileRef = F76D64AB1D134B6D00542C53 /* ArrayExtension.swift */; };
		F73CB6A81DA1C65000ACE506 /* Step4TableViewCell.swift in Sources */ = {isa = PBXBuildFile; fileRef = 96C834A81C9A91F700C1CD4E /* Step4TableViewCell.swift */; };
		F73CB6A91DA1C65000ACE506 /* CaloriesViewController.swift in Sources */ = {isa = PBXBuildFile; fileRef = 96C834AA1C9AB88900C1CD4E /* CaloriesViewController.swift */; };
		F73CB6AA1DA1C65000ACE506 /* CaloriesTableViewCell.swift in Sources */ = {isa = PBXBuildFile; fileRef = 96C834AC1C9AB8D500C1CD4E /* CaloriesTableViewCell.swift */; };
		F73CB6AB1DA1C65000ACE506 /* LastWeekViewController.swift in Sources */ = {isa = PBXBuildFile; fileRef = 96FD95611C9818D3009F318F /* LastWeekViewController.swift */; };
		F73CB6AC1DA1C65000ACE506 /* MealPlanViewController.swift in Sources */ = {isa = PBXBuildFile; fileRef = 96FBA6EE1C99704F0080D74D /* MealPlanViewController.swift */; };
		F73CB6AD1DA1C65000ACE506 /* mealsPlanCellTableViewCell.swift in Sources */ = {isa = PBXBuildFile; fileRef = 96FBA6EC1C9970100080D74D /* mealsPlanCellTableViewCell.swift */; };
		F73CB6AE1DA1C65000ACE506 /* DetailViewController.swift in Sources */ = {isa = PBXBuildFile; fileRef = 965A5F131BFC48D00055ACA4 /* DetailViewController.swift */; };
		F73CB6AF1DA1C65000ACE506 /* FoodSearchViewController.swift in Sources */ = {isa = PBXBuildFile; fileRef = 96C834AE1C9AC54B00C1CD4E /* FoodSearchViewController.swift */; };
		F73CB6B01DA1C65000ACE506 /* FoodListTableViewCell.swift in Sources */ = {isa = PBXBuildFile; fileRef = 96FC99401C9BD706008426BA /* FoodListTableViewCell.swift */; };
		F73CB6B11DA1C65000ACE506 /* ListViewController.swift in Sources */ = {isa = PBXBuildFile; fileRef = 965A5F3F1BFC49ED0055ACA4 /* ListViewController.swift */; };
		F76D64AA1D09901B00542C53 /* mpButton.swift in Sources */ = {isa = PBXBuildFile; fileRef = F76D64A91D09901B00542C53 /* mpButton.swift */; };
		F76D64AC1D134B6D00542C53 /* ArrayExtension.swift in Sources */ = {isa = PBXBuildFile; fileRef = F76D64AB1D134B6D00542C53 /* ArrayExtension.swift */; };
		F7863D651DA41AD500D46665 /* DataStructure+methods.swift in Sources */ = {isa = PBXBuildFile; fileRef = F7863D641DA41AD500D46665 /* DataStructure+methods.swift */; };
		F7A70E141D5E79AF00C735A4 /* Assumptions.rtf in Resources */ = {isa = PBXBuildFile; fileRef = F7A70E131D5E79AF00C735A4 /* Assumptions.rtf */; };
		F7DB5D221D42D335001AE827 /* initialLoad2.json in Resources */ = {isa = PBXBuildFile; fileRef = F7DB5D211D42D335001AE827 /* initialLoad2.json */; };
/* End PBXBuildFile section */

/* Begin PBXContainerItemProxy section */
		965A5F231BFC48D00055ACA4 /* PBXContainerItemProxy */ = {
			isa = PBXContainerItemProxy;
			containerPortal = 965A5F041BFC48CF0055ACA4 /* Project object */;
			proxyType = 1;
			remoteGlobalIDString = 965A5F0B1BFC48D00055ACA4;
			remoteInfo = DailyMeals;
		};
		965A5F2E1BFC48D00055ACA4 /* PBXContainerItemProxy */ = {
			isa = PBXContainerItemProxy;
			containerPortal = 965A5F041BFC48CF0055ACA4 /* Project object */;
			proxyType = 1;
			remoteGlobalIDString = 965A5F0B1BFC48D00055ACA4;
			remoteInfo = DailyMeals;
		};
/* End PBXContainerItemProxy section */

/* Begin PBXFileReference section */
		052957B58CC37322C9DDB5F8 /* Pods-DailyMeals.release.xcconfig */ = {isa = PBXFileReference; includeInIndex = 1; lastKnownFileType = text.xcconfig; name = "Pods-DailyMeals.release.xcconfig"; path = "Pods/Target Support Files/Pods-DailyMeals/Pods-DailyMeals.release.xcconfig"; sourceTree = "<group>"; };
		08C2DC2A25402A4720D5E2F3 /* Pods-DailyMeals.debug.xcconfig */ = {isa = PBXFileReference; includeInIndex = 1; lastKnownFileType = text.xcconfig; name = "Pods-DailyMeals.debug.xcconfig"; path = "Pods/Target Support Files/Pods-DailyMeals/Pods-DailyMeals.debug.xcconfig"; sourceTree = "<group>"; };
		960A991E1CB66D250048A868 /* DragToTable.swift */ = {isa = PBXFileReference; fileEncoding = 4; lastKnownFileType = sourcecode.swift; name = DragToTable.swift; path = Picker/DragToTable.swift; sourceTree = "<group>"; };
		960B863B1CB4E70900F731FE /* MultiTag.swift */ = {isa = PBXFileReference; fileEncoding = 4; lastKnownFileType = sourcecode.swift; name = MultiTag.swift; path = Picker/MultiTag.swift; sourceTree = "<group>"; };
		960E4E161C8EE6970002C35E /* PageItemController.swift */ = {isa = PBXFileReference; fileEncoding = 4; lastKnownFileType = sourcecode.swift; path = PageItemController.swift; sourceTree = "<group>"; };
		960E4E1F1C8F03040002C35E /* ViewController.swift */ = {isa = PBXFileReference; fileEncoding = 4; lastKnownFileType = sourcecode.swift; path = ViewController.swift; sourceTree = "<group>"; };
		960FF7EC1CC4C1B5006EA1A3 /* Connect.swift */ = {isa = PBXFileReference; fileEncoding = 4; lastKnownFileType = sourcecode.swift; name = Connect.swift; path = Network/Connect.swift; sourceTree = "<group>"; };
		961D8A7E1CFD86F8006B6FA4 /* TabBarController.swift */ = {isa = PBXFileReference; fileEncoding = 4; lastKnownFileType = sourcecode.swift; path = TabBarController.swift; sourceTree = "<group>"; };
		9626D4421CB3D7750094A0C8 /* Network.swift */ = {isa = PBXFileReference; fileEncoding = 4; lastKnownFileType = sourcecode.swift; name = Network.swift; path = Network/Network.swift; sourceTree = "<group>"; };
		9626D4451CB3D9400094A0C8 /* Constants.swift */ = {isa = PBXFileReference; fileEncoding = 4; lastKnownFileType = sourcecode.swift; name = Constants.swift; path = Config/Constants.swift; sourceTree = "<group>"; };
		9626D4471CB3D9590094A0C8 /* Config.swift */ = {isa = PBXFileReference; fileEncoding = 4; lastKnownFileType = sourcecode.swift; name = Config.swift; path = Config/Config.swift; sourceTree = "<group>"; };
		9629FD511D00707000E05E2A /* Util.swift */ = {isa = PBXFileReference; fileEncoding = 4; lastKnownFileType = sourcecode.swift; path = Util.swift; sourceTree = "<group>"; };
		9636EC871D05548200D822E1 /* initalLoad.json */ = {isa = PBXFileReference; fileEncoding = 4; lastKnownFileType = text.json; path = initalLoad.json; sourceTree = "<group>"; };
		963B7FCF1CF7024100E3523A /* settings.swift */ = {isa = PBXFileReference; fileEncoding = 4; lastKnownFileType = sourcecode.swift; path = settings.swift; sourceTree = "<group>"; };
		9641C7261CB2544B004A01C0 /* AKPickerView.swift */ = {isa = PBXFileReference; fileEncoding = 4; lastKnownFileType = sourcecode.swift; name = AKPickerView.swift; path = Picker/AKPickerView.swift; sourceTree = "<group>"; };
		965A5F0C1BFC48D00055ACA4 /* DailyMeals.app */ = {isa = PBXFileReference; explicitFileType = wrapper.application; includeInIndex = 0; path = DailyMeals.app; sourceTree = BUILT_PRODUCTS_DIR; };
		965A5F0F1BFC48D00055ACA4 /* AppDelegate.swift */ = {isa = PBXFileReference; lastKnownFileType = sourcecode.swift; path = AppDelegate.swift; sourceTree = "<group>"; };
		965A5F131BFC48D00055ACA4 /* DetailViewController.swift */ = {isa = PBXFileReference; lastKnownFileType = sourcecode.swift; path = DetailViewController.swift; sourceTree = "<group>"; };
		965A5F161BFC48D00055ACA4 /* Base */ = {isa = PBXFileReference; lastKnownFileType = file.storyboard; name = Base; path = Base.lproj/Main.storyboard; sourceTree = "<group>"; };
		965A5F181BFC48D00055ACA4 /* Assets.xcassets */ = {isa = PBXFileReference; lastKnownFileType = folder.assetcatalog; path = Assets.xcassets; sourceTree = "<group>"; };
		965A5F1B1BFC48D00055ACA4 /* Base */ = {isa = PBXFileReference; lastKnownFileType = file.storyboard; name = Base; path = Base.lproj/LaunchScreen.storyboard; sourceTree = "<group>"; };
		965A5F1D1BFC48D00055ACA4 /* Info.plist */ = {isa = PBXFileReference; lastKnownFileType = text.plist.xml; path = Info.plist; sourceTree = "<group>"; };
		965A5F221BFC48D00055ACA4 /* DailyMealsTests.xctest */ = {isa = PBXFileReference; explicitFileType = wrapper.cfbundle; includeInIndex = 0; path = DailyMealsTests.xctest; sourceTree = BUILT_PRODUCTS_DIR; };
		965A5F281BFC48D00055ACA4 /* Info.plist */ = {isa = PBXFileReference; lastKnownFileType = text.plist.xml; path = Info.plist; sourceTree = "<group>"; };
		965A5F2D1BFC48D00055ACA4 /* DailyMealsUITests.xctest */ = {isa = PBXFileReference; explicitFileType = wrapper.cfbundle; includeInIndex = 0; path = DailyMealsUITests.xctest; sourceTree = BUILT_PRODUCTS_DIR; };
		965A5F311BFC48D00055ACA4 /* DailyMealsUITests.swift */ = {isa = PBXFileReference; lastKnownFileType = sourcecode.swift; path = DailyMealsUITests.swift; sourceTree = "<group>"; };
		965A5F331BFC48D00055ACA4 /* Info.plist */ = {isa = PBXFileReference; lastKnownFileType = text.plist.xml; path = Info.plist; sourceTree = "<group>"; };
		965A5F3F1BFC49ED0055ACA4 /* ListViewController.swift */ = {isa = PBXFileReference; fileEncoding = 4; lastKnownFileType = sourcecode.swift; path = ListViewController.swift; sourceTree = "<group>"; };
		965A5F411BFC573B0055ACA4 /* DataStructure.swift */ = {isa = PBXFileReference; fileEncoding = 4; lastKnownFileType = sourcecode.swift; path = DataStructure.swift; sourceTree = "<group>"; };
		965A5F431BFC809D0055ACA4 /* Media.xcassets */ = {isa = PBXFileReference; lastKnownFileType = folder.assetcatalog; path = Media.xcassets; sourceTree = "<group>"; };
		96A9A8AA1CBB8B0B0057BE5A /* PayemtControllerImageTableViewCell.swift */ = {isa = PBXFileReference; fileEncoding = 4; lastKnownFileType = sourcecode.swift; path = PayemtControllerImageTableViewCell.swift; sourceTree = "<group>"; };
		96A9A8AC1CBB8B250057BE5A /* PayemtAddsTableViewCell.swift */ = {isa = PBXFileReference; fileEncoding = 4; lastKnownFileType = sourcecode.swift; path = PayemtAddsTableViewCell.swift; sourceTree = "<group>"; };
		96C834A61C9A91DF00C1CD4E /* Step3TableViewCell.swift */ = {isa = PBXFileReference; fileEncoding = 4; lastKnownFileType = sourcecode.swift; path = Step3TableViewCell.swift; sourceTree = "<group>"; };
		96C834A81C9A91F700C1CD4E /* Step4TableViewCell.swift */ = {isa = PBXFileReference; fileEncoding = 4; lastKnownFileType = sourcecode.swift; path = Step4TableViewCell.swift; sourceTree = "<group>"; };
		96C834AA1C9AB88900C1CD4E /* CaloriesViewController.swift */ = {isa = PBXFileReference; fileEncoding = 4; lastKnownFileType = sourcecode.swift; path = CaloriesViewController.swift; sourceTree = "<group>"; };
		96C834AC1C9AB8D500C1CD4E /* CaloriesTableViewCell.swift */ = {isa = PBXFileReference; fileEncoding = 4; lastKnownFileType = sourcecode.swift; path = CaloriesTableViewCell.swift; sourceTree = "<group>"; };
		96C834AE1C9AC54B00C1CD4E /* FoodSearchViewController.swift */ = {isa = PBXFileReference; fileEncoding = 4; lastKnownFileType = sourcecode.swift; path = FoodSearchViewController.swift; sourceTree = "<group>"; };
		96FAD2D01C969E1A006AF9FB /* Step2ViewController.swift */ = {isa = PBXFileReference; fileEncoding = 4; lastKnownFileType = sourcecode.swift; path = Step2ViewController.swift; sourceTree = "<group>"; };
		96FAD2D21C96C660006AF9FB /* Step3ViewController.swift */ = {isa = PBXFileReference; fileEncoding = 4; lastKnownFileType = sourcecode.swift; path = Step3ViewController.swift; sourceTree = "<group>"; };
		96FAD2D41C96CD0C006AF9FB /* Step4ViewController.swift */ = {isa = PBXFileReference; fileEncoding = 4; lastKnownFileType = sourcecode.swift; path = Step4ViewController.swift; sourceTree = "<group>"; };
		96FAD2D71C96E37D006AF9FB /* ContactUsViewController.swift */ = {isa = PBXFileReference; fileEncoding = 4; lastKnownFileType = sourcecode.swift; path = ContactUsViewController.swift; sourceTree = "<group>"; };
		96FAD2D91C96E939006AF9FB /* AboutUsViewController.swift */ = {isa = PBXFileReference; fileEncoding = 4; lastKnownFileType = sourcecode.swift; path = AboutUsViewController.swift; sourceTree = "<group>"; };
		96FB5AB01C9198D500DA99EA /* Step1ViewController.swift */ = {isa = PBXFileReference; fileEncoding = 4; lastKnownFileType = sourcecode.swift; path = Step1ViewController.swift; sourceTree = "<group>"; };
		96FB5AB41C92954B00DA99EA /* IconImages.xcassets */ = {isa = PBXFileReference; lastKnownFileType = folder.assetcatalog; path = IconImages.xcassets; sourceTree = "<group>"; };
		96FBA6E41C99279E0080D74D /* Height&WeightListViewController.swift */ = {isa = PBXFileReference; fileEncoding = 4; lastKnownFileType = sourcecode.swift; path = "Height&WeightListViewController.swift"; sourceTree = "<group>"; };
		96FBA6E61C99287B0080D74D /* ActivityLevelViewController.swift */ = {isa = PBXFileReference; fileEncoding = 4; lastKnownFileType = sourcecode.swift; path = ActivityLevelViewController.swift; sourceTree = "<group>"; };
		96FBA6EC1C9970100080D74D /* mealsPlanCellTableViewCell.swift */ = {isa = PBXFileReference; fileEncoding = 4; lastKnownFileType = sourcecode.swift; path = mealsPlanCellTableViewCell.swift; sourceTree = "<group>"; };
		96FBA6EE1C99704F0080D74D /* MealPlanViewController.swift */ = {isa = PBXFileReference; fileEncoding = 4; lastKnownFileType = sourcecode.swift; path = MealPlanViewController.swift; sourceTree = "<group>"; };
		96FC99401C9BD706008426BA /* FoodListTableViewCell.swift */ = {isa = PBXFileReference; fileEncoding = 4; lastKnownFileType = sourcecode.swift; path = FoodListTableViewCell.swift; sourceTree = "<group>"; };
		96FC99441C9BE1FD008426BA /* PremiumPlanViewController.swift */ = {isa = PBXFileReference; fileEncoding = 4; lastKnownFileType = sourcecode.swift; path = PremiumPlanViewController.swift; sourceTree = "<group>"; };
		96FD95611C9818D3009F318F /* LastWeekViewController.swift */ = {isa = PBXFileReference; fileEncoding = 4; lastKnownFileType = sourcecode.swift; path = LastWeekViewController.swift; sourceTree = "<group>"; };
		ACFD24E8491873D32D6D5FC8 /* Pods_DailyMeals.framework */ = {isa = PBXFileReference; explicitFileType = wrapper.framework; includeInIndex = 0; path = Pods_DailyMeals.framework; sourceTree = BUILT_PRODUCTS_DIR; };
		F70418651D9C434B003270C2 /* initialLoad3.json */ = {isa = PBXFileReference; fileEncoding = 4; lastKnownFileType = text.json; path = initialLoad3.json; sourceTree = "<group>"; };
		F7057F701D3586620017B7C9 /* bkgrd.swift */ = {isa = PBXFileReference; fileEncoding = 4; lastKnownFileType = sourcecode.swift; path = bkgrd.swift; sourceTree = "<group>"; };
		F713CE7A1DB62DBA00945531 /* Biographical.swift */ = {isa = PBXFileReference; fileEncoding = 4; lastKnownFileType = sourcecode.swift; name = Biographical.swift; path = Model/Biographical.swift; sourceTree = "<group>"; };
		F713CE7B1DB62DBA00945531 /* DailyMealPlan.swift */ = {isa = PBXFileReference; fileEncoding = 4; lastKnownFileType = sourcecode.swift; name = DailyMealPlan.swift; path = Model/DailyMealPlan.swift; sourceTree = "<group>"; };
		F713CE7C1DB62DBA00945531 /* DataHandler.swift */ = {isa = PBXFileReference; fileEncoding = 4; lastKnownFileType = sourcecode.swift; name = DataHandler.swift; path = Model/DataHandler.swift; sourceTree = "<group>"; };
		F713CE7D1DB62DBA00945531 /* DietSuitability.swift */ = {isa = PBXFileReference; fileEncoding = 4; lastKnownFileType = sourcecode.swift; name = DietSuitability.swift; path = Model/DietSuitability.swift; sourceTree = "<group>"; };
		F713CE7E1DB62DBA00945531 /* FeedBack.swift */ = {isa = PBXFileReference; fileEncoding = 4; lastKnownFileType = sourcecode.swift; name = FeedBack.swift; path = Model/FeedBack.swift; sourceTree = "<group>"; };
		F713CE7F1DB62DBA00945531 /* Food.swift */ = {isa = PBXFileReference; fileEncoding = 4; lastKnownFileType = sourcecode.swift; name = Food.swift; path = Model/Food.swift; sourceTree = "<group>"; };
		F713CE801DB62DBA00945531 /* FoodItem.swift */ = {isa = PBXFileReference; fileEncoding = 4; lastKnownFileType = sourcecode.swift; name = FoodItem.swift; path = Model/FoodItem.swift; sourceTree = "<group>"; };
		F713CE811DB62DBA00945531 /* FoodsDisliked.swift */ = {isa = PBXFileReference; fileEncoding = 4; lastKnownFileType = sourcecode.swift; name = FoodsDisliked.swift; path = Model/FoodsDisliked.swift; sourceTree = "<group>"; };
		F713CE821DB62DBA00945531 /* FoodsLiked.swift */ = {isa = PBXFileReference; fileEncoding = 4; lastKnownFileType = sourcecode.swift; name = FoodsLiked.swift; path = Model/FoodsLiked.swift; sourceTree = "<group>"; };
		F713CE831DB62DBA00945531 /* FoodType.swift */ = {isa = PBXFileReference; fileEncoding = 4; lastKnownFileType = sourcecode.swift; name = FoodType.swift; path = Model/FoodType.swift; sourceTree = "<group>"; };
		F713CE841DB62DBA00945531 /* Macronutrient.swift */ = {isa = PBXFileReference; fileEncoding = 4; lastKnownFileType = sourcecode.swift; name = Macronutrient.swift; path = Model/Macronutrient.swift; sourceTree = "<group>"; };
		F713CE851DB62DBA00945531 /* Meal.swift */ = {isa = PBXFileReference; fileEncoding = 4; lastKnownFileType = sourcecode.swift; name = Meal.swift; path = Model/Meal.swift; sourceTree = "<group>"; };
		F713CE861DB62DBA00945531 /* Profile.swift */ = {isa = PBXFileReference; fileEncoding = 4; lastKnownFileType = sourcecode.swift; name = Profile.swift; path = Model/Profile.swift; sourceTree = "<group>"; };
		F713CE871DB62DBA00945531 /* ServingSize.swift */ = {isa = PBXFileReference; fileEncoding = 4; lastKnownFileType = sourcecode.swift; name = ServingSize.swift; path = Model/ServingSize.swift; sourceTree = "<group>"; };
		F713CE881DB62DBA00945531 /* User.swift */ = {isa = PBXFileReference; fileEncoding = 4; lastKnownFileType = sourcecode.swift; name = User.swift; path = Model/User.swift; sourceTree = "<group>"; };
		F713CE891DB62DBA00945531 /* Week.swift */ = {isa = PBXFileReference; fileEncoding = 4; lastKnownFileType = sourcecode.swift; name = Week.swift; path = Model/Week.swift; sourceTree = "<group>"; };
		F73A6C3D1D526B25006C34F9 /* createMealPlan.swift */ = {isa = PBXFileReference; fileEncoding = 4; lastKnownFileType = sourcecode.swift; path = createMealPlan.swift; sourceTree = "<group>"; };
		F73CB67F1DA1C3B700ACE506 /* DailMealTests.swift */ = {isa = PBXFileReference; fileEncoding = 4; lastKnownFileType = sourcecode.swift; path = DailMealTests.swift; sourceTree = "<group>"; };
		F76D64A91D09901B00542C53 /* mpButton.swift */ = {isa = PBXFileReference; fileEncoding = 4; lastKnownFileType = sourcecode.swift; path = mpButton.swift; sourceTree = "<group>"; };
		F76D64AB1D134B6D00542C53 /* ArrayExtension.swift */ = {isa = PBXFileReference; fileEncoding = 4; lastKnownFileType = sourcecode.swift; path = ArrayExtension.swift; sourceTree = "<group>"; };
		F7863D641DA41AD500D46665 /* DataStructure+methods.swift */ = {isa = PBXFileReference; fileEncoding = 4; lastKnownFileType = sourcecode.swift; path = "DataStructure+methods.swift"; sourceTree = "<group>"; };
		F7A70E131D5E79AF00C735A4 /* Assumptions.rtf */ = {isa = PBXFileReference; fileEncoding = 4; lastKnownFileType = text.rtf; path = Assumptions.rtf; sourceTree = "<group>"; };
		F7D6AACE1D08473600FAAD22 /* DailyMeals-Bridging-Header.h */ = {isa = PBXFileReference; fileEncoding = 4; lastKnownFileType = sourcecode.c.h; path = "DailyMeals-Bridging-Header.h"; sourceTree = "<group>"; };
		F7DB5D211D42D335001AE827 /* initialLoad2.json */ = {isa = PBXFileReference; fileEncoding = 4; lastKnownFileType = text.json; path = initialLoad2.json; sourceTree = "<group>"; };
/* End PBXFileReference section */

/* Begin PBXFrameworksBuildPhase section */
		965A5F091BFC48D00055ACA4 /* Frameworks */ = {
			isa = PBXFrameworksBuildPhase;
			buildActionMask = 2147483647;
			files = (
				A0B756C29F47C321F1F3E5D9 /* Pods_DailyMeals.framework in Frameworks */,
			);
			runOnlyForDeploymentPostprocessing = 0;
		};
		965A5F1F1BFC48D00055ACA4 /* Frameworks */ = {
			isa = PBXFrameworksBuildPhase;
			buildActionMask = 2147483647;
			files = (
			);
			runOnlyForDeploymentPostprocessing = 0;
		};
		965A5F2A1BFC48D00055ACA4 /* Frameworks */ = {
			isa = PBXFrameworksBuildPhase;
			buildActionMask = 2147483647;
			files = (
			);
			runOnlyForDeploymentPostprocessing = 0;
		};
/* End PBXFrameworksBuildPhase section */

/* Begin PBXGroup section */
		0B9CF51514F79416B6331419 /* Frameworks */ = {
			isa = PBXGroup;
			children = (
				ACFD24E8491873D32D6D5FC8 /* Pods_DailyMeals.framework */,
			);
			name = Frameworks;
			sourceTree = "<group>";
		};
		0C5B138E7420DFD02DA1E0A4 /* Pods */ = {
			isa = PBXGroup;
			children = (
				08C2DC2A25402A4720D5E2F3 /* Pods-DailyMeals.debug.xcconfig */,
				052957B58CC37322C9DDB5F8 /* Pods-DailyMeals.release.xcconfig */,
			);
			name = Pods;
			sourceTree = "<group>";
		};
		960E4E181C8EFB1E0002C35E /* IntroPages */ = {
			isa = PBXGroup;
			children = (
				960E4E161C8EE6970002C35E /* PageItemController.swift */,
				960E4E1F1C8F03040002C35E /* ViewController.swift */,
			);
			name = IntroPages;
			sourceTree = "<group>";
		};
		9626D4411CB3D7500094A0C8 /* Network */ = {
			isa = PBXGroup;
			children = (
				9626D4421CB3D7750094A0C8 /* Network.swift */,
				960FF7EC1CC4C1B5006EA1A3 /* Connect.swift */,
			);
			name = Network;
			sourceTree = "<group>";
		};
		9626D4441CB3D8ED0094A0C8 /* Config */ = {
			isa = PBXGroup;
			children = (
				F7A70E131D5E79AF00C735A4 /* Assumptions.rtf */,
				9626D4451CB3D9400094A0C8 /* Constants.swift */,
				9626D4471CB3D9590094A0C8 /* Config.swift */,
				9629FD511D00707000E05E2A /* Util.swift */,
			);
			name = Config;
			sourceTree = "<group>";
		};
		9626D4491CB3F1820094A0C8 /* Model */ = {
			isa = PBXGroup;
			children = (
				F713CE7A1DB62DBA00945531 /* Biographical.swift */,
				F713CE7B1DB62DBA00945531 /* DailyMealPlan.swift */,
				F713CE7C1DB62DBA00945531 /* DataHandler.swift */,
				F713CE7D1DB62DBA00945531 /* DietSuitability.swift */,
				F713CE7E1DB62DBA00945531 /* FeedBack.swift */,
				F713CE7F1DB62DBA00945531 /* Food.swift */,
				F713CE801DB62DBA00945531 /* FoodItem.swift */,
				F713CE811DB62DBA00945531 /* FoodsDisliked.swift */,
				F713CE821DB62DBA00945531 /* FoodsLiked.swift */,
				F713CE831DB62DBA00945531 /* FoodType.swift */,
				F713CE841DB62DBA00945531 /* Macronutrient.swift */,
				F713CE851DB62DBA00945531 /* Meal.swift */,
				F713CE861DB62DBA00945531 /* Profile.swift */,
				F713CE871DB62DBA00945531 /* ServingSize.swift */,
				F713CE881DB62DBA00945531 /* User.swift */,
				F713CE891DB62DBA00945531 /* Week.swift */,
			);
			name = Model;
			sourceTree = "<group>";
		};
		9636EC861D05544600D822E1 /* JSON files */ = {
			isa = PBXGroup;
			children = (
				F70418651D9C434B003270C2 /* initialLoad3.json */,
				9636EC871D05548200D822E1 /* initalLoad.json */,
				F7DB5D211D42D335001AE827 /* initialLoad2.json */,
			);
			name = "JSON files";
			sourceTree = "<group>";
		};
		963B7FCE1CF7020900E3523A /* SettingsController */ = {
			isa = PBXGroup;
			children = (
				963B7FCF1CF7024100E3523A /* settings.swift */,
				961D8A7E1CFD86F8006B6FA4 /* TabBarController.swift */,
			);
			name = SettingsController;
			sourceTree = "<group>";
		};
		9641C7251CB2540F004A01C0 /* Picker */ = {
			isa = PBXGroup;
			children = (
				9641C7261CB2544B004A01C0 /* AKPickerView.swift */,
				960B863B1CB4E70900F731FE /* MultiTag.swift */,
				960A991E1CB66D250048A868 /* DragToTable.swift */,
			);
			name = Picker;
			sourceTree = "<group>";
		};
		965A5F031BFC48CF0055ACA4 = {
			isa = PBXGroup;
			children = (
				F7D6AACE1D08473600FAAD22 /* DailyMeals-Bridging-Header.h */,
				965A5F0E1BFC48D00055ACA4 /* DailyMeals */,
				965A5F251BFC48D00055ACA4 /* DailyMealsTests */,
				965A5F301BFC48D00055ACA4 /* DailyMealsUITests */,
				965A5F0D1BFC48D00055ACA4 /* Products */,
				0C5B138E7420DFD02DA1E0A4 /* Pods */,
				0B9CF51514F79416B6331419 /* Frameworks */,
			);
			sourceTree = "<group>";
		};
		965A5F0D1BFC48D00055ACA4 /* Products */ = {
			isa = PBXGroup;
			children = (
				965A5F0C1BFC48D00055ACA4 /* DailyMeals.app */,
				965A5F221BFC48D00055ACA4 /* DailyMealsTests.xctest */,
				965A5F2D1BFC48D00055ACA4 /* DailyMealsUITests.xctest */,
			);
			name = Products;
			sourceTree = "<group>";
		};
		965A5F0E1BFC48D00055ACA4 /* DailyMeals */ = {
			isa = PBXGroup;
			children = (
				F76D64A81D098CBD00542C53 /* Custom UI */,
				96AA56A01D06F96000B96307 /* AppDelegate */,
				9636EC861D05544600D822E1 /* JSON files */,
				96AA56A11D06F99700B96307 /* DBHandler */,
				9626D4491CB3F1820094A0C8 /* Model */,
				9626D4441CB3D8ED0094A0C8 /* Config */,
				96AA569F1D06F90000B96307 /* StoryBoard */,
				9626D4411CB3D7500094A0C8 /* Network */,
				9641C7251CB2540F004A01C0 /* Picker */,
				96FD95601C9818A1009F318F /* ViewControllers */,
				96FB5AB41C92954B00DA99EA /* IconImages.xcassets */,
				965A5F181BFC48D00055ACA4 /* Assets.xcassets */,
				965A5F1D1BFC48D00055ACA4 /* Info.plist */,
				965A5F431BFC809D0055ACA4 /* Media.xcassets */,
			);
			path = DailyMeals;
			sourceTree = "<group>";
		};
		965A5F251BFC48D00055ACA4 /* DailyMealsTests */ = {
			isa = PBXGroup;
			children = (
				F73CB67F1DA1C3B700ACE506 /* DailMealTests.swift */,
				965A5F281BFC48D00055ACA4 /* Info.plist */,
			);
			path = DailyMealsTests;
			sourceTree = "<group>";
		};
		965A5F301BFC48D00055ACA4 /* DailyMealsUITests */ = {
			isa = PBXGroup;
			children = (
				965A5F311BFC48D00055ACA4 /* DailyMealsUITests.swift */,
				965A5F331BFC48D00055ACA4 /* Info.plist */,
			);
			path = DailyMealsUITests;
			sourceTree = "<group>";
		};
		96995E431CB61FEF004F943D /* Step1SubClass */ = {
			isa = PBXGroup;
			children = (
				96FBA6E61C99287B0080D74D /* ActivityLevelViewController.swift */,
				96FBA6E41C99279E0080D74D /* Height&WeightListViewController.swift */,
			);
			name = Step1SubClass;
			sourceTree = "<group>";
		};
		96A9A8AE1CBB8B4E0057BE5A /* PaymentViewControllerClass */ = {
			isa = PBXGroup;
			children = (
				96FC99441C9BE1FD008426BA /* PremiumPlanViewController.swift */,
				96A9A8AA1CBB8B0B0057BE5A /* PayemtControllerImageTableViewCell.swift */,
				96A9A8AC1CBB8B250057BE5A /* PayemtAddsTableViewCell.swift */,
			);
			name = PaymentViewControllerClass;
			sourceTree = "<group>";
		};
		96AA569F1D06F90000B96307 /* StoryBoard */ = {
			isa = PBXGroup;
			children = (
				965A5F151BFC48D00055ACA4 /* Main.storyboard */,
				F7057F701D3586620017B7C9 /* bkgrd.swift */,
				965A5F1A1BFC48D00055ACA4 /* LaunchScreen.storyboard */,
			);
			name = StoryBoard;
			sourceTree = "<group>";
		};
		96AA56A01D06F96000B96307 /* AppDelegate */ = {
			isa = PBXGroup;
			children = (
				965A5F0F1BFC48D00055ACA4 /* AppDelegate.swift */,
			);
			name = AppDelegate;
			sourceTree = "<group>";
		};
		96AA56A11D06F99700B96307 /* DBHandler */ = {
			isa = PBXGroup;
			children = (
				965A5F411BFC573B0055ACA4 /* DataStructure.swift */,
				F7863D641DA41AD500D46665 /* DataStructure+methods.swift */,
				F73A6C3D1D526B25006C34F9 /* createMealPlan.swift */,
			);
			name = DBHandler;
			sourceTree = "<group>";
		};
		96FAD2D61C96E345006AF9FB /* Conatct&AboutUs */ = {
			isa = PBXGroup;
			children = (
				96FAD2D71C96E37D006AF9FB /* ContactUsViewController.swift */,
				96FAD2D91C96E939006AF9FB /* AboutUsViewController.swift */,
			);
			name = "Conatct&AboutUs";
			sourceTree = "<group>";
		};
		96FB5AB21C9198DC00DA99EA /* Step1to4 */ = {
			isa = PBXGroup;
			children = (
				96995E431CB61FEF004F943D /* Step1SubClass */,
				96FB5AB01C9198D500DA99EA /* Step1ViewController.swift */,
				96FAD2D01C969E1A006AF9FB /* Step2ViewController.swift */,
				96FAD2D21C96C660006AF9FB /* Step3ViewController.swift */,
				96C834A61C9A91DF00C1CD4E /* Step3TableViewCell.swift */,
				96FAD2D41C96CD0C006AF9FB /* Step4ViewController.swift */,
				F76D64AB1D134B6D00542C53 /* ArrayExtension.swift */,
				96C834A81C9A91F700C1CD4E /* Step4TableViewCell.swift */,
			);
			name = Step1to4;
			sourceTree = "<group>";
		};
		96FD95601C9818A1009F318F /* ViewControllers */ = {
			isa = PBXGroup;
			children = (
				960E4E181C8EFB1E0002C35E /* IntroPages */,
				96A9A8AE1CBB8B4E0057BE5A /* PaymentViewControllerClass */,
				96FAD2D61C96E345006AF9FB /* Conatct&AboutUs */,
				963B7FCE1CF7020900E3523A /* SettingsController */,
				96FB5AB21C9198DC00DA99EA /* Step1to4 */,
				96C834AA1C9AB88900C1CD4E /* CaloriesViewController.swift */,
				96C834AC1C9AB8D500C1CD4E /* CaloriesTableViewCell.swift */,
				96FD95611C9818D3009F318F /* LastWeekViewController.swift */,
				96FBA6EE1C99704F0080D74D /* MealPlanViewController.swift */,
				96FBA6EC1C9970100080D74D /* mealsPlanCellTableViewCell.swift */,
				965A5F131BFC48D00055ACA4 /* DetailViewController.swift */,
				96C834AE1C9AC54B00C1CD4E /* FoodSearchViewController.swift */,
				96FC99401C9BD706008426BA /* FoodListTableViewCell.swift */,
				965A5F3F1BFC49ED0055ACA4 /* ListViewController.swift */,
			);
			name = ViewControllers;
			sourceTree = "<group>";
		};
		F76D64A81D098CBD00542C53 /* Custom UI */ = {
			isa = PBXGroup;
			children = (
				F76D64A91D09901B00542C53 /* mpButton.swift */,
			);
			name = "Custom UI";
			sourceTree = "<group>";
		};
/* End PBXGroup section */

/* Begin PBXNativeTarget section */
		965A5F0B1BFC48D00055ACA4 /* DailyMeals */ = {
			isa = PBXNativeTarget;
			buildConfigurationList = 965A5F361BFC48D00055ACA4 /* Build configuration list for PBXNativeTarget "DailyMeals" */;
			buildPhases = (
				81EA1B8EB40CEC8CFF9FD74A /* [CP] Check Pods Manifest.lock */,
				965A5F081BFC48D00055ACA4 /* Sources */,
				965A5F091BFC48D00055ACA4 /* Frameworks */,
				965A5F0A1BFC48D00055ACA4 /* Resources */,
				F396C75EAE284DEAD7624BB3 /* [CP] Embed Pods Frameworks */,
				1E54BFD686195CEAC9B0046C /* [CP] Copy Pods Resources */,
			);
			buildRules = (
			);
			dependencies = (
			);
			name = DailyMeals;
			productName = DailyMeals;
			productReference = 965A5F0C1BFC48D00055ACA4 /* DailyMeals.app */;
			productType = "com.apple.product-type.application";
		};
		965A5F211BFC48D00055ACA4 /* DailyMealsTests */ = {
			isa = PBXNativeTarget;
			buildConfigurationList = 965A5F391BFC48D00055ACA4 /* Build configuration list for PBXNativeTarget "DailyMealsTests" */;
			buildPhases = (
				965A5F1E1BFC48D00055ACA4 /* Sources */,
				965A5F1F1BFC48D00055ACA4 /* Frameworks */,
				965A5F201BFC48D00055ACA4 /* Resources */,
			);
			buildRules = (
			);
			dependencies = (
				965A5F241BFC48D00055ACA4 /* PBXTargetDependency */,
			);
			name = DailyMealsTests;
			productName = DailyMealsTests;
			productReference = 965A5F221BFC48D00055ACA4 /* DailyMealsTests.xctest */;
			productType = "com.apple.product-type.bundle.unit-test";
		};
		965A5F2C1BFC48D00055ACA4 /* DailyMealsUITests */ = {
			isa = PBXNativeTarget;
			buildConfigurationList = 965A5F3C1BFC48D00055ACA4 /* Build configuration list for PBXNativeTarget "DailyMealsUITests" */;
			buildPhases = (
				965A5F291BFC48D00055ACA4 /* Sources */,
				965A5F2A1BFC48D00055ACA4 /* Frameworks */,
				965A5F2B1BFC48D00055ACA4 /* Resources */,
			);
			buildRules = (
			);
			dependencies = (
				965A5F2F1BFC48D00055ACA4 /* PBXTargetDependency */,
			);
			name = DailyMealsUITests;
			productName = DailyMealsUITests;
			productReference = 965A5F2D1BFC48D00055ACA4 /* DailyMealsUITests.xctest */;
			productType = "com.apple.product-type.bundle.ui-testing";
		};
/* End PBXNativeTarget section */

/* Begin PBXProject section */
		965A5F041BFC48CF0055ACA4 /* Project object */ = {
			isa = PBXProject;
			attributes = {
				LastSwiftUpdateCheck = 0720;
				LastUpgradeCheck = 0710;
				ORGANIZATIONNAME = Meals;
				TargetAttributes = {
					965A5F0B1BFC48D00055ACA4 = {
						CreatedOnToolsVersion = 7.1;
						DevelopmentTeam = JL2267KC6K;
					};
					965A5F211BFC48D00055ACA4 = {
						CreatedOnToolsVersion = 7.1;
						TestTargetID = 965A5F0B1BFC48D00055ACA4;
					};
					965A5F2C1BFC48D00055ACA4 = {
						CreatedOnToolsVersion = 7.1;
						TestTargetID = 965A5F0B1BFC48D00055ACA4;
					};
				};
			};
			buildConfigurationList = 965A5F071BFC48CF0055ACA4 /* Build configuration list for PBXProject "DailyMeals" */;
			compatibilityVersion = "Xcode 3.2";
			developmentRegion = English;
			hasScannedForEncodings = 0;
			knownRegions = (
				en,
				Base,
			);
			mainGroup = 965A5F031BFC48CF0055ACA4;
			productRefGroup = 965A5F0D1BFC48D00055ACA4 /* Products */;
			projectDirPath = "";
			projectRoot = "";
			targets = (
				965A5F0B1BFC48D00055ACA4 /* DailyMeals */,
				965A5F211BFC48D00055ACA4 /* DailyMealsTests */,
				965A5F2C1BFC48D00055ACA4 /* DailyMealsUITests */,
			);
		};
/* End PBXProject section */

/* Begin PBXResourcesBuildPhase section */
		965A5F0A1BFC48D00055ACA4 /* Resources */ = {
			isa = PBXResourcesBuildPhase;
			buildActionMask = 2147483647;
			files = (
				F7DB5D221D42D335001AE827 /* initialLoad2.json in Resources */,
				9636EC881D05548200D822E1 /* initalLoad.json in Resources */,
				965A5F1C1BFC48D00055ACA4 /* LaunchScreen.storyboard in Resources */,
				F70418661D9C434B003270C2 /* initialLoad3.json in Resources */,
				96FB5AB51C92954B00DA99EA /* IconImages.xcassets in Resources */,
				965A5F191BFC48D00055ACA4 /* Assets.xcassets in Resources */,
				965A5F441BFC809D0055ACA4 /* Media.xcassets in Resources */,
				965A5F171BFC48D00055ACA4 /* Main.storyboard in Resources */,
				F7A70E141D5E79AF00C735A4 /* Assumptions.rtf in Resources */,
			);
			runOnlyForDeploymentPostprocessing = 0;
		};
		965A5F201BFC48D00055ACA4 /* Resources */ = {
			isa = PBXResourcesBuildPhase;
			buildActionMask = 2147483647;
			files = (
			);
			runOnlyForDeploymentPostprocessing = 0;
		};
		965A5F2B1BFC48D00055ACA4 /* Resources */ = {
			isa = PBXResourcesBuildPhase;
			buildActionMask = 2147483647;
			files = (
			);
			runOnlyForDeploymentPostprocessing = 0;
		};
/* End PBXResourcesBuildPhase section */

/* Begin PBXShellScriptBuildPhase section */
		1E54BFD686195CEAC9B0046C /* [CP] Copy Pods Resources */ = {
			isa = PBXShellScriptBuildPhase;
			buildActionMask = 2147483647;
			files = (
			);
			inputPaths = (
			);
			name = "[CP] Copy Pods Resources";
			outputPaths = (
			);
			runOnlyForDeploymentPostprocessing = 0;
			shellPath = /bin/sh;
			shellScript = "\"${SRCROOT}/Pods/Target Support Files/Pods-DailyMeals/Pods-DailyMeals-resources.sh\"\n";
			showEnvVarsInLog = 0;
		};
		81EA1B8EB40CEC8CFF9FD74A /* [CP] Check Pods Manifest.lock */ = {
			isa = PBXShellScriptBuildPhase;
			buildActionMask = 2147483647;
			files = (
			);
			inputPaths = (
			);
			name = "[CP] Check Pods Manifest.lock";
			outputPaths = (
			);
			runOnlyForDeploymentPostprocessing = 0;
			shellPath = /bin/sh;
			shellScript = "diff \"${PODS_ROOT}/../Podfile.lock\" \"${PODS_ROOT}/Manifest.lock\" > /dev/null\nif [ $? != 0 ] ; then\n    # print error to STDERR\n    echo \"error: The sandbox is not in sync with the Podfile.lock. Run 'pod install' or update your CocoaPods installation.\" >&2\n    exit 1\nfi\n";
			showEnvVarsInLog = 0;
		};
		F396C75EAE284DEAD7624BB3 /* [CP] Embed Pods Frameworks */ = {
			isa = PBXShellScriptBuildPhase;
			buildActionMask = 2147483647;
			files = (
			);
			inputPaths = (
			);
			name = "[CP] Embed Pods Frameworks";
			outputPaths = (
			);
			runOnlyForDeploymentPostprocessing = 0;
			shellPath = /bin/sh;
			shellScript = "\"${SRCROOT}/Pods/Target Support Files/Pods-DailyMeals/Pods-DailyMeals-frameworks.sh\"\n";
			showEnvVarsInLog = 0;
		};
/* End PBXShellScriptBuildPhase section */

/* Begin PBXSourcesBuildPhase section */
		965A5F081BFC48D00055ACA4 /* Sources */ = {
			isa = PBXSourcesBuildPhase;
			buildActionMask = 2147483647;
			files = (
				F713CE8C1DB62DBA00945531 /* DailyMealPlan.swift in Sources */,
				960A991F1CB66D250048A868 /* DragToTable.swift in Sources */,
				F713CE9A1DB62DBA00945531 /* Week.swift in Sources */,
				96FB5AB11C9198D500DA99EA /* Step1ViewController.swift in Sources */,
				F713CE961DB62DBA00945531 /* Meal.swift in Sources */,
				960FF7ED1CC4C1B5006EA1A3 /* Connect.swift in Sources */,
				96FAD2D11C969E1A006AF9FB /* Step2ViewController.swift in Sources */,
				F713CE951DB62DBA00945531 /* Macronutrient.swift in Sources */,
				F713CE981DB62DBA00945531 /* ServingSize.swift in Sources */,
				9626D4481CB3D9590094A0C8 /* Config.swift in Sources */,
				960B863C1CB4E70900F731FE /* MultiTag.swift in Sources */,
				96FBA6ED1C9970100080D74D /* mealsPlanCellTableViewCell.swift in Sources */,
				F713CE8E1DB62DBA00945531 /* DietSuitability.swift in Sources */,
				9626D4431CB3D7750094A0C8 /* Network.swift in Sources */,
				F713CE941DB62DBA00945531 /* FoodType.swift in Sources */,
				F76D64AA1D09901B00542C53 /* mpButton.swift in Sources */,
				96FC99451C9BE1FD008426BA /* PremiumPlanViewController.swift in Sources */,
				9626D4461CB3D9400094A0C8 /* Constants.swift in Sources */,
				F713CE8D1DB62DBA00945531 /* DataHandler.swift in Sources */,
				96C834A91C9A91F700C1CD4E /* Step4TableViewCell.swift in Sources */,
				96FBA6E51C99279E0080D74D /* Height&WeightListViewController.swift in Sources */,
				F713CE991DB62DBA00945531 /* User.swift in Sources */,
				F713CE911DB62DBA00945531 /* FoodItem.swift in Sources */,
				9641C7271CB2544B004A01C0 /* AKPickerView.swift in Sources */,
				F713CE921DB62DBA00945531 /* FoodsDisliked.swift in Sources */,
				96FAD2D31C96C660006AF9FB /* Step3ViewController.swift in Sources */,
				96C834AB1C9AB88900C1CD4E /* CaloriesViewController.swift in Sources */,
				F713CE931DB62DBA00945531 /* FoodsLiked.swift in Sources */,
				F713CE971DB62DBA00945531 /* Profile.swift in Sources */,
				96FAD2D51C96CD0C006AF9FB /* Step4ViewController.swift in Sources */,
				F713CE8F1DB62DBA00945531 /* FeedBack.swift in Sources */,
				96FAD2DA1C96E939006AF9FB /* AboutUsViewController.swift in Sources */,
				96A9A8AB1CBB8B0B0057BE5A /* PayemtControllerImageTableViewCell.swift in Sources */,
				96FBA6E71C99287B0080D74D /* ActivityLevelViewController.swift in Sources */,
				965A5F141BFC48D00055ACA4 /* DetailViewController.swift in Sources */,
				F713CE901DB62DBA00945531 /* Food.swift in Sources */,
				F73A6C3E1D526B25006C34F9 /* createMealPlan.swift in Sources */,
				96FBA6EF1C99704F0080D74D /* MealPlanViewController.swift in Sources */,
				965A5F421BFC573B0055ACA4 /* DataStructure.swift in Sources */,
				96C834AD1C9AB8D500C1CD4E /* CaloriesTableViewCell.swift in Sources */,
				96FD95621C9818D3009F318F /* LastWeekViewController.swift in Sources */,
				960E4E171C8EE6970002C35E /* PageItemController.swift in Sources */,
				F7057F711D3586620017B7C9 /* bkgrd.swift in Sources */,
				965A5F401BFC49ED0055ACA4 /* ListViewController.swift in Sources */,
				96FC99411C9BD706008426BA /* FoodListTableViewCell.swift in Sources */,
				960E4E201C8F03040002C35E /* ViewController.swift in Sources */,
				9629FD521D00707000E05E2A /* Util.swift in Sources */,
				F713CE8B1DB62DBA00945531 /* Biographical.swift in Sources */,
				96C834AF1C9AC54B00C1CD4E /* FoodSearchViewController.swift in Sources */,
				965A5F101BFC48D00055ACA4 /* AppDelegate.swift in Sources */,
				961D8A7F1CFD86F8006B6FA4 /* TabBarController.swift in Sources */,
				F7863D651DA41AD500D46665 /* DataStructure+methods.swift in Sources */,
				96A9A8AD1CBB8B250057BE5A /* PayemtAddsTableViewCell.swift in Sources */,
				96FAD2D81C96E37D006AF9FB /* ContactUsViewController.swift in Sources */,
				963B7FD01CF7024100E3523A /* settings.swift in Sources */,
				96C834A71C9A91DF00C1CD4E /* Step3TableViewCell.swift in Sources */,
				F76D64AC1D134B6D00542C53 /* ArrayExtension.swift in Sources */,
			);
			runOnlyForDeploymentPostprocessing = 0;
		};
		965A5F1E1BFC48D00055ACA4 /* Sources */ = {
			isa = PBXSourcesBuildPhase;
			buildActionMask = 2147483647;
			files = (
				F713CE9C1DB62E5800945531 /* Biographical.swift in Sources */,
				F713CE9D1DB62E5800945531 /* DailyMealPlan.swift in Sources */,
				F713CE9E1DB62E5800945531 /* DataHandler.swift in Sources */,
				F713CE9F1DB62E5800945531 /* DietSuitability.swift in Sources */,
				F713CEA01DB62E5800945531 /* FeedBack.swift in Sources */,
				F713CEA11DB62E5800945531 /* Food.swift in Sources */,
				F713CEA21DB62E5800945531 /* FoodItem.swift in Sources */,
				F713CEA31DB62E5800945531 /* FoodsDisliked.swift in Sources */,
				F713CEA41DB62E5800945531 /* FoodsLiked.swift in Sources */,
				F713CEA51DB62E5800945531 /* FoodType.swift in Sources */,
				F713CEA61DB62E5800945531 /* Macronutrient.swift in Sources */,
				F713CEA71DB62E5800945531 /* Meal.swift in Sources */,
				F713CEA81DB62E5800945531 /* Profile.swift in Sources */,
				F713CEA91DB62E5800945531 /* ServingSize.swift in Sources */,
				F713CEAA1DB62E5800945531 /* User.swift in Sources */,
				F713CEAB1DB62E5800945531 /* Week.swift in Sources */,
				F73CB6851DA1C65000ACE506 /* mpButton.swift in Sources */,
				F73CB6861DA1C65000ACE506 /* AppDelegate.swift in Sources */,
				F73CB6961DA1C65000ACE506 /* DragToTable.swift in Sources */,
				F73CB6971DA1C65000ACE506 /* PageItemController.swift in Sources */,
				F73CB6981DA1C65000ACE506 /* ViewController.swift in Sources */,
				F73CB6991DA1C65000ACE506 /* PremiumPlanViewController.swift in Sources */,
				F73CB69A1DA1C65000ACE506 /* PayemtControllerImageTableViewCell.swift in Sources */,
				F73CB69B1DA1C65000ACE506 /* PayemtAddsTableViewCell.swift in Sources */,
				F73CB69C1DA1C65000ACE506 /* ContactUsViewController.swift in Sources */,
				F73CB69D1DA1C65000ACE506 /* AboutUsViewController.swift in Sources */,
				F73CB69E1DA1C65000ACE506 /* settings.swift in Sources */,
				F73CB69F1DA1C65000ACE506 /* TabBarController.swift in Sources */,
				F73CB6A01DA1C65000ACE506 /* ActivityLevelViewController.swift in Sources */,
				F73CB6A11DA1C65000ACE506 /* Height&WeightListViewController.swift in Sources */,
				F73CB6A21DA1C65000ACE506 /* Step1ViewController.swift in Sources */,
				F73CB6A31DA1C65000ACE506 /* Step2ViewController.swift in Sources */,
				F73CB6A41DA1C65000ACE506 /* Step3ViewController.swift in Sources */,
				F73CB6A51DA1C65000ACE506 /* Step3TableViewCell.swift in Sources */,
				F73CB6A61DA1C65000ACE506 /* Step4ViewController.swift in Sources */,
				F73CB6A71DA1C65000ACE506 /* ArrayExtension.swift in Sources */,
				F73CB6A81DA1C65000ACE506 /* Step4TableViewCell.swift in Sources */,
				F73CB6A91DA1C65000ACE506 /* CaloriesViewController.swift in Sources */,
				F73CB6AA1DA1C65000ACE506 /* CaloriesTableViewCell.swift in Sources */,
				F73CB6AB1DA1C65000ACE506 /* LastWeekViewController.swift in Sources */,
				F73CB6AC1DA1C65000ACE506 /* MealPlanViewController.swift in Sources */,
				F73CB6AD1DA1C65000ACE506 /* mealsPlanCellTableViewCell.swift in Sources */,
				F73CB6AE1DA1C65000ACE506 /* DetailViewController.swift in Sources */,
				F73CB6AF1DA1C65000ACE506 /* FoodSearchViewController.swift in Sources */,
				F73CB6B01DA1C65000ACE506 /* FoodListTableViewCell.swift in Sources */,
				F73CB6B11DA1C65000ACE506 /* ListViewController.swift in Sources */,
			);
			runOnlyForDeploymentPostprocessing = 0;
		};
		965A5F291BFC48D00055ACA4 /* Sources */ = {
			isa = PBXSourcesBuildPhase;
			buildActionMask = 2147483647;
			files = (
				965A5F321BFC48D00055ACA4 /* DailyMealsUITests.swift in Sources */,
				9634C1981CB39F38003903A3 /* Step4ViewController.swift in Sources */,
			);
			runOnlyForDeploymentPostprocessing = 0;
		};
/* End PBXSourcesBuildPhase section */

/* Begin PBXTargetDependency section */
		965A5F241BFC48D00055ACA4 /* PBXTargetDependency */ = {
			isa = PBXTargetDependency;
			target = 965A5F0B1BFC48D00055ACA4 /* DailyMeals */;
			targetProxy = 965A5F231BFC48D00055ACA4 /* PBXContainerItemProxy */;
		};
		965A5F2F1BFC48D00055ACA4 /* PBXTargetDependency */ = {
			isa = PBXTargetDependency;
			target = 965A5F0B1BFC48D00055ACA4 /* DailyMeals */;
			targetProxy = 965A5F2E1BFC48D00055ACA4 /* PBXContainerItemProxy */;
		};
/* End PBXTargetDependency section */

/* Begin PBXVariantGroup section */
		965A5F151BFC48D00055ACA4 /* Main.storyboard */ = {
			isa = PBXVariantGroup;
			children = (
				965A5F161BFC48D00055ACA4 /* Base */,
			);
			name = Main.storyboard;
			sourceTree = "<group>";
		};
		965A5F1A1BFC48D00055ACA4 /* LaunchScreen.storyboard */ = {
			isa = PBXVariantGroup;
			children = (
				965A5F1B1BFC48D00055ACA4 /* Base */,
			);
			name = LaunchScreen.storyboard;
			sourceTree = "<group>";
		};
/* End PBXVariantGroup section */

/* Begin XCBuildConfiguration section */
		965A5F341BFC48D00055ACA4 /* Debug */ = {
			isa = XCBuildConfiguration;
			buildSettings = {
				ALWAYS_SEARCH_USER_PATHS = NO;
				CLANG_CXX_LANGUAGE_STANDARD = "gnu++0x";
				CLANG_CXX_LIBRARY = "libc++";
				CLANG_ENABLE_MODULES = YES;
				CLANG_ENABLE_OBJC_ARC = YES;
				CLANG_WARN_BOOL_CONVERSION = YES;
				CLANG_WARN_CONSTANT_CONVERSION = YES;
				CLANG_WARN_DIRECT_OBJC_ISA_USAGE = YES_ERROR;
				CLANG_WARN_EMPTY_BODY = YES;
				CLANG_WARN_ENUM_CONVERSION = YES;
				CLANG_WARN_INT_CONVERSION = YES;
				CLANG_WARN_OBJC_ROOT_CLASS = YES_ERROR;
				CLANG_WARN_UNREACHABLE_CODE = YES;
				CLANG_WARN__DUPLICATE_METHOD_MATCH = YES;
				"CODE_SIGN_IDENTITY[sdk=iphoneos*]" = "iPhone Developer";
				COPY_PHASE_STRIP = NO;
				DEBUG_INFORMATION_FORMAT = dwarf;
				ENABLE_STRICT_OBJC_MSGSEND = YES;
				ENABLE_TESTABILITY = YES;
				GCC_C_LANGUAGE_STANDARD = gnu99;
				GCC_DYNAMIC_NO_PIC = NO;
				GCC_NO_COMMON_BLOCKS = YES;
				GCC_OPTIMIZATION_LEVEL = 0;
				GCC_PREPROCESSOR_DEFINITIONS = (
					"DEBUG=1",
					"$(inherited)",
				);
				GCC_WARN_64_TO_32_BIT_CONVERSION = YES;
				GCC_WARN_ABOUT_RETURN_TYPE = YES_ERROR;
				GCC_WARN_UNDECLARED_SELECTOR = YES;
				GCC_WARN_UNINITIALIZED_AUTOS = YES_AGGRESSIVE;
				GCC_WARN_UNUSED_FUNCTION = YES;
				GCC_WARN_UNUSED_VARIABLE = YES;
				IPHONEOS_DEPLOYMENT_TARGET = 9.1;
				MTL_ENABLE_DEBUG_INFO = YES;
				ONLY_ACTIVE_ARCH = YES;
				SDKROOT = iphoneos;
				SWIFT_OBJC_BRIDGING_HEADER = "/Users/toobler/Projects/DailyMeals/DailyMeals-Bridging-Header.h";
				SWIFT_OPTIMIZATION_LEVEL = "-Onone";
				TARGETED_DEVICE_FAMILY = "1,2";
			};
			name = Debug;
		};
		965A5F351BFC48D00055ACA4 /* Release */ = {
			isa = XCBuildConfiguration;
			buildSettings = {
				ALWAYS_SEARCH_USER_PATHS = NO;
				CLANG_CXX_LANGUAGE_STANDARD = "gnu++0x";
				CLANG_CXX_LIBRARY = "libc++";
				CLANG_ENABLE_MODULES = YES;
				CLANG_ENABLE_OBJC_ARC = YES;
				CLANG_WARN_BOOL_CONVERSION = YES;
				CLANG_WARN_CONSTANT_CONVERSION = YES;
				CLANG_WARN_DIRECT_OBJC_ISA_USAGE = YES_ERROR;
				CLANG_WARN_EMPTY_BODY = YES;
				CLANG_WARN_ENUM_CONVERSION = YES;
				CLANG_WARN_INT_CONVERSION = YES;
				CLANG_WARN_OBJC_ROOT_CLASS = YES_ERROR;
				CLANG_WARN_UNREACHABLE_CODE = YES;
				CLANG_WARN__DUPLICATE_METHOD_MATCH = YES;
				"CODE_SIGN_IDENTITY[sdk=iphoneos*]" = "iPhone Developer";
				COPY_PHASE_STRIP = NO;
				DEBUG_INFORMATION_FORMAT = "dwarf-with-dsym";
				ENABLE_NS_ASSERTIONS = NO;
				ENABLE_STRICT_OBJC_MSGSEND = YES;
				GCC_C_LANGUAGE_STANDARD = gnu99;
				GCC_NO_COMMON_BLOCKS = YES;
				GCC_WARN_64_TO_32_BIT_CONVERSION = YES;
				GCC_WARN_ABOUT_RETURN_TYPE = YES_ERROR;
				GCC_WARN_UNDECLARED_SELECTOR = YES;
				GCC_WARN_UNINITIALIZED_AUTOS = YES_AGGRESSIVE;
				GCC_WARN_UNUSED_FUNCTION = YES;
				GCC_WARN_UNUSED_VARIABLE = YES;
				IPHONEOS_DEPLOYMENT_TARGET = 9.1;
				MTL_ENABLE_DEBUG_INFO = NO;
				SDKROOT = iphoneos;
				SWIFT_OBJC_BRIDGING_HEADER = "/Users/toobler/Projects/DailyMeals/DailyMeals-Bridging-Header.h";
				TARGETED_DEVICE_FAMILY = "1,2";
				VALIDATE_PRODUCT = YES;
			};
			name = Release;
		};
		965A5F371BFC48D00055ACA4 /* Debug */ = {
			isa = XCBuildConfiguration;
			baseConfigurationReference = 08C2DC2A25402A4720D5E2F3 /* Pods-DailyMeals.debug.xcconfig */;
			buildSettings = {
				ASSETCATALOG_COMPILER_APPICON_NAME = AppIcon;
				CLANG_ENABLE_MODULES = YES;
				CODE_SIGN_IDENTITY = "iPhone Developer";
				"CODE_SIGN_IDENTITY[sdk=iphoneos*]" = "iPhone Developer";
				INFOPLIST_FILE = DailyMeals/Info.plist;
				IPHONEOS_DEPLOYMENT_TARGET = 8.4;
				LD_RUNPATH_SEARCH_PATHS = "$(inherited) @executable_path/Frameworks";
				PRODUCT_BUNDLE_IDENTIFIER = com.meals.DailyMeals2;
				PRODUCT_NAME = "$(TARGET_NAME)";
				PROVISIONING_PROFILE = "";
				SWIFT_OBJC_BRIDGING_HEADER = "DailyMeals-Bridging-Header.h";
				SWIFT_OPTIMIZATION_LEVEL = "-Onone";
				TARGETED_DEVICE_FAMILY = "1,2";
			};
			name = Debug;
		};
		965A5F381BFC48D00055ACA4 /* Release */ = {
			isa = XCBuildConfiguration;
			baseConfigurationReference = 052957B58CC37322C9DDB5F8 /* Pods-DailyMeals.release.xcconfig */;
			buildSettings = {
				ASSETCATALOG_COMPILER_APPICON_NAME = AppIcon;
				CLANG_ENABLE_MODULES = YES;
				CODE_SIGN_IDENTITY = "iPhone Developer";
				"CODE_SIGN_IDENTITY[sdk=iphoneos*]" = "iPhone Developer";
				INFOPLIST_FILE = DailyMeals/Info.plist;
				IPHONEOS_DEPLOYMENT_TARGET = 8.4;
				LD_RUNPATH_SEARCH_PATHS = "$(inherited) @executable_path/Frameworks";
				PRODUCT_BUNDLE_IDENTIFIER = com.meals.DailyMeals2;
				PRODUCT_NAME = "$(TARGET_NAME)";
				PROVISIONING_PROFILE = "";
				SWIFT_OBJC_BRIDGING_HEADER = "DailyMeals-Bridging-Header.h";
				TARGETED_DEVICE_FAMILY = "1,2";
			};
			name = Release;
		};
		965A5F3A1BFC48D00055ACA4 /* Debug */ = {
			isa = XCBuildConfiguration;
			buildSettings = {
				BUNDLE_LOADER = "$(TEST_HOST)";
				FRAMEWORK_SEARCH_PATHS = "";
				INFOPLIST_FILE = DailyMealsTests/Info.plist;
				LD_RUNPATH_SEARCH_PATHS = "$(inherited) @executable_path/Frameworks @loader_path/Frameworks";
				PRODUCT_BUNDLE_IDENTIFIER = com.meals.DailyMealsTests;
				PRODUCT_NAME = "$(TARGET_NAME)";
				SWIFT_OBJC_BRIDGING_HEADER = "DailyMeals-Bridging-Header.h";
				TEST_HOST = "$(BUILT_PRODUCTS_DIR)/DailyMeals.app/DailyMeals";
			};
			name = Debug;
		};
		965A5F3B1BFC48D00055ACA4 /* Release */ = {
			isa = XCBuildConfiguration;
			buildSettings = {
				BUNDLE_LOADER = "$(TEST_HOST)";
				FRAMEWORK_SEARCH_PATHS = "";
				INFOPLIST_FILE = DailyMealsTests/Info.plist;
				LD_RUNPATH_SEARCH_PATHS = "$(inherited) @executable_path/Frameworks @loader_path/Frameworks";
				PRODUCT_BUNDLE_IDENTIFIER = com.meals.DailyMealsTests;
				PRODUCT_NAME = "$(TARGET_NAME)";
				SWIFT_OBJC_BRIDGING_HEADER = "DailyMeals-Bridging-Header.h";
				TEST_HOST = "$(BUILT_PRODUCTS_DIR)/DailyMeals.app/DailyMeals";
			};
			name = Release;
		};
		965A5F3D1BFC48D00055ACA4 /* Debug */ = {
			isa = XCBuildConfiguration;
			buildSettings = {
				INFOPLIST_FILE = DailyMealsUITests/Info.plist;
				LD_RUNPATH_SEARCH_PATHS = "$(inherited) @executable_path/Frameworks @loader_path/Frameworks";
				PRODUCT_BUNDLE_IDENTIFIER = com.meals.DailyMealsUITests;
				PRODUCT_NAME = "$(TARGET_NAME)";
				TEST_TARGET_NAME = DailyMeals;
				USES_XCTRUNNER = YES;
			};
			name = Debug;
		};
		965A5F3E1BFC48D00055ACA4 /* Release */ = {
			isa = XCBuildConfiguration;
			buildSettings = {
				INFOPLIST_FILE = DailyMealsUITests/Info.plist;
				LD_RUNPATH_SEARCH_PATHS = "$(inherited) @executable_path/Frameworks @loader_path/Frameworks";
				PRODUCT_BUNDLE_IDENTIFIER = com.meals.DailyMealsUITests;
				PRODUCT_NAME = "$(TARGET_NAME)";
				TEST_TARGET_NAME = DailyMeals;
				USES_XCTRUNNER = YES;
			};
			name = Release;
		};
/* End XCBuildConfiguration section */

/* Begin XCConfigurationList section */
		965A5F071BFC48CF0055ACA4 /* Build configuration list for PBXProject "DailyMeals" */ = {
			isa = XCConfigurationList;
			buildConfigurations = (
				965A5F341BFC48D00055ACA4 /* Debug */,
				965A5F351BFC48D00055ACA4 /* Release */,
			);
			defaultConfigurationIsVisible = 0;
			defaultConfigurationName = Release;
		};
		965A5F361BFC48D00055ACA4 /* Build configuration list for PBXNativeTarget "DailyMeals" */ = {
			isa = XCConfigurationList;
			buildConfigurations = (
				965A5F371BFC48D00055ACA4 /* Debug */,
				965A5F381BFC48D00055ACA4 /* Release */,
			);
			defaultConfigurationIsVisible = 0;
			defaultConfigurationName = Release;
		};
		965A5F391BFC48D00055ACA4 /* Build configuration list for PBXNativeTarget "DailyMealsTests" */ = {
			isa = XCConfigurationList;
			buildConfigurations = (
				965A5F3A1BFC48D00055ACA4 /* Debug */,
				965A5F3B1BFC48D00055ACA4 /* Release */,
			);
			defaultConfigurationIsVisible = 0;
			defaultConfigurationName = Release;
		};
		965A5F3C1BFC48D00055ACA4 /* Build configuration list for PBXNativeTarget "DailyMealsUITests" */ = {
			isa = XCConfigurationList;
			buildConfigurations = (
				965A5F3D1BFC48D00055ACA4 /* Debug */,
				965A5F3E1BFC48D00055ACA4 /* Release */,
			);
			defaultConfigurationIsVisible = 0;
			defaultConfigurationName = Release;
		};
/* End XCConfigurationList section */
	};
	rootObject = 965A5F041BFC48CF0055ACA4 /* Project object */;
}
